
Microsoft Visual Studio Solution File, Format Version 12.00
# Visual Studio Version 16
VisualStudioVersion = 16.0.30011.22
MinimumVisualStudioVersion = 10.0.40219.1
Project("{8BC9CEB8-8B4A-11D0-8D11-00A0C91BC942}") = "imgui", "imgui\imgui.vcxproj", "{83702AF1-3F55-45DF-BE9C-BAD210B44AF0}"
EndProject
Project("{8BC9CEB8-8B4A-11D0-8D11-00A0C91BC942}") = "base", "base\base.vcxproj", "{EA6EB701-C454-4A69-A953-8EEFFA06D744}"
	ProjectSection(ProjectDependencies) = postProject
		{81C3086D-8614-4702-B5E4-517336CC0F9D} = {81C3086D-8614-4702-B5E4-517336CC0F9D}
		{83702AF1-3F55-45DF-BE9C-BAD210B44AF0} = {83702AF1-3F55-45DF-BE9C-BAD210B44AF0}
	EndProjectSection
EndProject
Project("{8BC9CEB8-8B4A-11D0-8D11-00A0C91BC942}") = "Triangle", "Triangle\Triangle.vcxproj", "{D0F657BE-32CF-49F5-94AC-044B0D14B0CA}"
	ProjectSection(ProjectDependencies) = postProject
		{EA6EB701-C454-4A69-A953-8EEFFA06D744} = {EA6EB701-C454-4A69-A953-8EEFFA06D744}
		{83702AF1-3F55-45DF-BE9C-BAD210B44AF0} = {83702AF1-3F55-45DF-BE9C-BAD210B44AF0}
	EndProjectSection
EndProject
Project("{8BC9CEB8-8B4A-11D0-8D11-00A0C91BC942}") = "Pipeline", "Pipeline\Pipeline.vcxproj", "{095A0418-71FC-4301-B85F-D9AD83CCDB64}"
	ProjectSection(ProjectDependencies) = postProject
		{EA6EB701-C454-4A69-A953-8EEFFA06D744} = {EA6EB701-C454-4A69-A953-8EEFFA06D744}
		{83702AF1-3F55-45DF-BE9C-BAD210B44AF0} = {83702AF1-3F55-45DF-BE9C-BAD210B44AF0}
	EndProjectSection
EndProject
Project("{8BC9CEB8-8B4A-11D0-8D11-00A0C91BC942}") = "DescriptorSets", "DescriptorSets\DescriptorSets.vcxproj", "{2B1752C1-07ED-4609-907B-FE61AA0C4DF0}"
	ProjectSection(ProjectDependencies) = postProject
		{EA6EB701-C454-4A69-A953-8EEFFA06D744} = {EA6EB701-C454-4A69-A953-8EEFFA06D744}
		{83702AF1-3F55-45DF-BE9C-BAD210B44AF0} = {83702AF1-3F55-45DF-BE9C-BAD210B44AF0}
	EndProjectSection
EndProject
Project("{8BC9CEB8-8B4A-11D0-8D11-00A0C91BC942}") = "DynamicUniformBuffer", "DynamicUniformBuffer\DynamicUniformBuffer.vcxproj", "{3A7850E1-BC06-452C-8A56-8AB2592F350A}"
	ProjectSection(ProjectDependencies) = postProject
		{EA6EB701-C454-4A69-A953-8EEFFA06D744} = {EA6EB701-C454-4A69-A953-8EEFFA06D744}
		{83702AF1-3F55-45DF-BE9C-BAD210B44AF0} = {83702AF1-3F55-45DF-BE9C-BAD210B44AF0}
	EndProjectSection
EndProject
Project("{8BC9CEB8-8B4A-11D0-8D11-00A0C91BC942}") = "InputAttachments", "InputAttachments\InputAttachments.vcxproj", "{C35B81F0-50A2-4996-B041-E88BB5DF862E}"
	ProjectSection(ProjectDependencies) = postProject
		{EA6EB701-C454-4A69-A953-8EEFFA06D744} = {EA6EB701-C454-4A69-A953-8EEFFA06D744}
		{83702AF1-3F55-45DF-BE9C-BAD210B44AF0} = {83702AF1-3F55-45DF-BE9C-BAD210B44AF0}
	EndProjectSection
EndProject
Project("{8BC9CEB8-8B4A-11D0-8D11-00A0C91BC942}") = "ktx", "ktx\ktx.vcxproj", "{81C3086D-8614-4702-B5E4-517336CC0F9D}"
EndProject
Project("{2150E333-8FDC-42A3-9474-1A3956D46DE8}") = "basic", "basic", "{8ED92AA5-8DB8-4C69-AD1B-AD5D7D9A461D}"
EndProject
Project("{8BC9CEB8-8B4A-11D0-8D11-00A0C91BC942}") = "PushConstants", "PushConstants\PushConstants.vcxproj", "{83B0FD47-CF4C-443D-8873-A438458F59A9}"
EndProject
Project("{8BC9CEB8-8B4A-11D0-8D11-00A0C91BC942}") = "Texture", "Texture\Texture.vcxproj", "{9AEEADD7-CDC5-47EB-8F65-D83A26F8E367}"
EndProject
Project("{8BC9CEB8-8B4A-11D0-8D11-00A0C91BC942}") = "TextureCubeMap", "TextureCubeMap\TextureCubeMap.vcxproj", "{4D973411-B6E3-48C7-87CB-51E1E27B93C6}"
EndProject
Project("{8BC9CEB8-8B4A-11D0-8D11-00A0C91BC942}") = "SpecializationConstants", "SpecializationConstants\SpecializationConstants.vcxproj", "{ADA46222-7D5F-4E7A-9AF2-C6CBA1E7FEA9}"
EndProject
Global
	GlobalSection(SolutionConfigurationPlatforms) = preSolution
		Debug|x64 = Debug|x64
		Debug|x86 = Debug|x86
		Release|x64 = Release|x64
		Release|x86 = Release|x86
	EndGlobalSection
	GlobalSection(ProjectConfigurationPlatforms) = postSolution
		{83702AF1-3F55-45DF-BE9C-BAD210B44AF0}.Debug|x64.ActiveCfg = Debug|x64
		{83702AF1-3F55-45DF-BE9C-BAD210B44AF0}.Debug|x64.Build.0 = Debug|x64
		{83702AF1-3F55-45DF-BE9C-BAD210B44AF0}.Debug|x86.ActiveCfg = Debug|Win32
		{83702AF1-3F55-45DF-BE9C-BAD210B44AF0}.Debug|x86.Build.0 = Debug|Win32
		{83702AF1-3F55-45DF-BE9C-BAD210B44AF0}.Release|x64.ActiveCfg = Release|x64
		{83702AF1-3F55-45DF-BE9C-BAD210B44AF0}.Release|x64.Build.0 = Release|x64
		{83702AF1-3F55-45DF-BE9C-BAD210B44AF0}.Release|x86.ActiveCfg = Release|Win32
		{83702AF1-3F55-45DF-BE9C-BAD210B44AF0}.Release|x86.Build.0 = Release|Win32
		{EA6EB701-C454-4A69-A953-8EEFFA06D744}.Debug|x64.ActiveCfg = Debug|x64
		{EA6EB701-C454-4A69-A953-8EEFFA06D744}.Debug|x64.Build.0 = Debug|x64
		{EA6EB701-C454-4A69-A953-8EEFFA06D744}.Debug|x86.ActiveCfg = Debug|Win32
		{EA6EB701-C454-4A69-A953-8EEFFA06D744}.Debug|x86.Build.0 = Debug|Win32
		{EA6EB701-C454-4A69-A953-8EEFFA06D744}.Release|x64.ActiveCfg = Release|x64
		{EA6EB701-C454-4A69-A953-8EEFFA06D744}.Release|x64.Build.0 = Release|x64
		{EA6EB701-C454-4A69-A953-8EEFFA06D744}.Release|x86.ActiveCfg = Release|Win32
		{EA6EB701-C454-4A69-A953-8EEFFA06D744}.Release|x86.Build.0 = Release|Win32
		{D0F657BE-32CF-49F5-94AC-044B0D14B0CA}.Debug|x64.ActiveCfg = Debug|x64
		{D0F657BE-32CF-49F5-94AC-044B0D14B0CA}.Debug|x64.Build.0 = Debug|x64
		{D0F657BE-32CF-49F5-94AC-044B0D14B0CA}.Debug|x86.ActiveCfg = Debug|Win32
		{D0F657BE-32CF-49F5-94AC-044B0D14B0CA}.Debug|x86.Build.0 = Debug|Win32
		{D0F657BE-32CF-49F5-94AC-044B0D14B0CA}.Release|x64.ActiveCfg = Release|x64
		{D0F657BE-32CF-49F5-94AC-044B0D14B0CA}.Release|x64.Build.0 = Release|x64
		{D0F657BE-32CF-49F5-94AC-044B0D14B0CA}.Release|x86.ActiveCfg = Release|Win32
		{D0F657BE-32CF-49F5-94AC-044B0D14B0CA}.Release|x86.Build.0 = Release|Win32
		{095A0418-71FC-4301-B85F-D9AD83CCDB64}.Debug|x64.ActiveCfg = Debug|x64
		{095A0418-71FC-4301-B85F-D9AD83CCDB64}.Debug|x64.Build.0 = Debug|x64
		{095A0418-71FC-4301-B85F-D9AD83CCDB64}.Debug|x86.ActiveCfg = Debug|Win32
		{095A0418-71FC-4301-B85F-D9AD83CCDB64}.Debug|x86.Build.0 = Debug|Win32
		{095A0418-71FC-4301-B85F-D9AD83CCDB64}.Release|x64.ActiveCfg = Release|x64
		{095A0418-71FC-4301-B85F-D9AD83CCDB64}.Release|x64.Build.0 = Release|x64
		{095A0418-71FC-4301-B85F-D9AD83CCDB64}.Release|x86.ActiveCfg = Release|Win32
		{095A0418-71FC-4301-B85F-D9AD83CCDB64}.Release|x86.Build.0 = Release|Win32
		{2B1752C1-07ED-4609-907B-FE61AA0C4DF0}.Debug|x64.ActiveCfg = Debug|x64
		{2B1752C1-07ED-4609-907B-FE61AA0C4DF0}.Debug|x64.Build.0 = Debug|x64
		{2B1752C1-07ED-4609-907B-FE61AA0C4DF0}.Debug|x86.ActiveCfg = Debug|Win32
		{2B1752C1-07ED-4609-907B-FE61AA0C4DF0}.Debug|x86.Build.0 = Debug|Win32
		{2B1752C1-07ED-4609-907B-FE61AA0C4DF0}.Release|x64.ActiveCfg = Release|x64
		{2B1752C1-07ED-4609-907B-FE61AA0C4DF0}.Release|x64.Build.0 = Release|x64
		{2B1752C1-07ED-4609-907B-FE61AA0C4DF0}.Release|x86.ActiveCfg = Release|Win32
		{2B1752C1-07ED-4609-907B-FE61AA0C4DF0}.Release|x86.Build.0 = Release|Win32
		{3A7850E1-BC06-452C-8A56-8AB2592F350A}.Debug|x64.ActiveCfg = Debug|x64
		{3A7850E1-BC06-452C-8A56-8AB2592F350A}.Debug|x64.Build.0 = Debug|x64
		{3A7850E1-BC06-452C-8A56-8AB2592F350A}.Debug|x86.ActiveCfg = Debug|Win32
		{3A7850E1-BC06-452C-8A56-8AB2592F350A}.Debug|x86.Build.0 = Debug|Win32
		{3A7850E1-BC06-452C-8A56-8AB2592F350A}.Release|x64.ActiveCfg = Release|x64
		{3A7850E1-BC06-452C-8A56-8AB2592F350A}.Release|x64.Build.0 = Release|x64
		{3A7850E1-BC06-452C-8A56-8AB2592F350A}.Release|x86.ActiveCfg = Release|Win32
		{3A7850E1-BC06-452C-8A56-8AB2592F350A}.Release|x86.Build.0 = Release|Win32
		{C35B81F0-50A2-4996-B041-E88BB5DF862E}.Debug|x64.ActiveCfg = Debug|x64
		{C35B81F0-50A2-4996-B041-E88BB5DF862E}.Debug|x64.Build.0 = Debug|x64
		{C35B81F0-50A2-4996-B041-E88BB5DF862E}.Debug|x86.ActiveCfg = Debug|Win32
		{C35B81F0-50A2-4996-B041-E88BB5DF862E}.Debug|x86.Build.0 = Debug|Win32
		{C35B81F0-50A2-4996-B041-E88BB5DF862E}.Release|x64.ActiveCfg = Release|x64
		{C35B81F0-50A2-4996-B041-E88BB5DF862E}.Release|x64.Build.0 = Release|x64
		{C35B81F0-50A2-4996-B041-E88BB5DF862E}.Release|x86.ActiveCfg = Release|Win32
		{C35B81F0-50A2-4996-B041-E88BB5DF862E}.Release|x86.Build.0 = Release|Win32
		{81C3086D-8614-4702-B5E4-517336CC0F9D}.Debug|x64.ActiveCfg = Debug|x64
		{81C3086D-8614-4702-B5E4-517336CC0F9D}.Debug|x64.Build.0 = Debug|x64
		{81C3086D-8614-4702-B5E4-517336CC0F9D}.Debug|x86.ActiveCfg = Debug|Win32
		{81C3086D-8614-4702-B5E4-517336CC0F9D}.Debug|x86.Build.0 = Debug|Win32
		{81C3086D-8614-4702-B5E4-517336CC0F9D}.Release|x64.ActiveCfg = Release|x64
		{81C3086D-8614-4702-B5E4-517336CC0F9D}.Release|x64.Build.0 = Release|x64
		{81C3086D-8614-4702-B5E4-517336CC0F9D}.Release|x86.ActiveCfg = Release|Win32
		{81C3086D-8614-4702-B5E4-517336CC0F9D}.Release|x86.Build.0 = Release|Win32
		{83B0FD47-CF4C-443D-8873-A438458F59A9}.Debug|x64.ActiveCfg = Debug|x64
		{83B0FD47-CF4C-443D-8873-A438458F59A9}.Debug|x64.Build.0 = Debug|x64
		{83B0FD47-CF4C-443D-8873-A438458F59A9}.Debug|x86.ActiveCfg = Debug|Win32
		{83B0FD47-CF4C-443D-8873-A438458F59A9}.Debug|x86.Build.0 = Debug|Win32
		{83B0FD47-CF4C-443D-8873-A438458F59A9}.Release|x64.ActiveCfg = Release|x64
		{83B0FD47-CF4C-443D-8873-A438458F59A9}.Release|x64.Build.0 = Release|x64
		{83B0FD47-CF4C-443D-8873-A438458F59A9}.Release|x86.ActiveCfg = Release|Win32
		{83B0FD47-CF4C-443D-8873-A438458F59A9}.Release|x86.Build.0 = Release|Win32
		{9AEEADD7-CDC5-47EB-8F65-D83A26F8E367}.Debug|x64.ActiveCfg = Debug|x64
		{9AEEADD7-CDC5-47EB-8F65-D83A26F8E367}.Debug|x64.Build.0 = Debug|x64
		{9AEEADD7-CDC5-47EB-8F65-D83A26F8E367}.Debug|x86.ActiveCfg = Debug|Win32
		{9AEEADD7-CDC5-47EB-8F65-D83A26F8E367}.Debug|x86.Build.0 = Debug|Win32
		{9AEEADD7-CDC5-47EB-8F65-D83A26F8E367}.Release|x64.ActiveCfg = Release|x64
		{9AEEADD7-CDC5-47EB-8F65-D83A26F8E367}.Release|x64.Build.0 = Release|x64
		{9AEEADD7-CDC5-47EB-8F65-D83A26F8E367}.Release|x86.ActiveCfg = Release|Win32
		{9AEEADD7-CDC5-47EB-8F65-D83A26F8E367}.Release|x86.Build.0 = Release|Win32
		{4D973411-B6E3-48C7-87CB-51E1E27B93C6}.Debug|x64.ActiveCfg = Debug|x64
		{4D973411-B6E3-48C7-87CB-51E1E27B93C6}.Debug|x64.Build.0 = Debug|x64
		{4D973411-B6E3-48C7-87CB-51E1E27B93C6}.Debug|x86.ActiveCfg = Debug|Win32
		{4D973411-B6E3-48C7-87CB-51E1E27B93C6}.Debug|x86.Build.0 = Debug|Win32
		{4D973411-B6E3-48C7-87CB-51E1E27B93C6}.Release|x64.ActiveCfg = Release|x64
		{4D973411-B6E3-48C7-87CB-51E1E27B93C6}.Release|x64.Build.0 = Release|x64
		{4D973411-B6E3-48C7-87CB-51E1E27B93C6}.Release|x86.ActiveCfg = Release|Win32
		{4D973411-B6E3-48C7-87CB-51E1E27B93C6}.Release|x86.Build.0 = Release|Win32
		{ADA46222-7D5F-4E7A-9AF2-C6CBA1E7FEA9}.Debug|x64.ActiveCfg = Debug|x64
		{ADA46222-7D5F-4E7A-9AF2-C6CBA1E7FEA9}.Debug|x64.Build.0 = Debug|x64
		{ADA46222-7D5F-4E7A-9AF2-C6CBA1E7FEA9}.Debug|x86.ActiveCfg = Debug|Win32
		{ADA46222-7D5F-4E7A-9AF2-C6CBA1E7FEA9}.Debug|x86.Build.0 = Debug|Win32
		{ADA46222-7D5F-4E7A-9AF2-C6CBA1E7FEA9}.Release|x64.ActiveCfg = Release|x64
		{ADA46222-7D5F-4E7A-9AF2-C6CBA1E7FEA9}.Release|x64.Build.0 = Release|x64
		{ADA46222-7D5F-4E7A-9AF2-C6CBA1E7FEA9}.Release|x86.ActiveCfg = Release|Win32
		{ADA46222-7D5F-4E7A-9AF2-C6CBA1E7FEA9}.Release|x86.Build.0 = Release|Win32
	EndGlobalSection
	GlobalSection(SolutionProperties) = preSolution
		HideSolutionNode = FALSE
	EndGlobalSection
	GlobalSection(NestedProjects) = preSolution
		{D0F657BE-32CF-49F5-94AC-044B0D14B0CA} = {8ED92AA5-8DB8-4C69-AD1B-AD5D7D9A461D}
		{095A0418-71FC-4301-B85F-D9AD83CCDB64} = {8ED92AA5-8DB8-4C69-AD1B-AD5D7D9A461D}
		{2B1752C1-07ED-4609-907B-FE61AA0C4DF0} = {8ED92AA5-8DB8-4C69-AD1B-AD5D7D9A461D}
		{3A7850E1-BC06-452C-8A56-8AB2592F350A} = {8ED92AA5-8DB8-4C69-AD1B-AD5D7D9A461D}
		{C35B81F0-50A2-4996-B041-E88BB5DF862E} = {8ED92AA5-8DB8-4C69-AD1B-AD5D7D9A461D}
		{83B0FD47-CF4C-443D-8873-A438458F59A9} = {8ED92AA5-8DB8-4C69-AD1B-AD5D7D9A461D}
		{9AEEADD7-CDC5-47EB-8F65-D83A26F8E367} = {8ED92AA5-8DB8-4C69-AD1B-AD5D7D9A461D}
		{4D973411-B6E3-48C7-87CB-51E1E27B93C6} = {8ED92AA5-8DB8-4C69-AD1B-AD5D7D9A461D}
		{ADA46222-7D5F-4E7A-9AF2-C6CBA1E7FEA9} = {8ED92AA5-8DB8-4C69-AD1B-AD5D7D9A461D}
	EndGlobalSection
	GlobalSection(ExtensibilityGlobals) = postSolution
		SolutionGuid = {C25CD410-97D7-4B6A-B8D9-415D41D0E10C}
	EndGlobalSection
EndGlobal
