
Microsoft Visual Studio Solution File, Format Version 12.00
# Visual Studio Version 16
VisualStudioVersion = 16.0.30011.22
MinimumVisualStudioVersion = 10.0.40219.1
Project("{8BC9CEB8-8B4A-11D0-8D11-00A0C91BC942}") = "imgui", "imgui\imgui.vcxproj", "{83702AF1-3F55-45DF-BE9C-BAD210B44AF0}"
EndProject
Project("{8BC9CEB8-8B4A-11D0-8D11-00A0C91BC942}") = "base", "base\base.vcxproj", "{EA6EB701-C454-4A69-A953-8EEFFA06D744}"
	ProjectSection(ProjectDependencies) = postProject
		{81C3086D-8614-4702-B5E4-517336CC0F9D} = {81C3086D-8614-4702-B5E4-517336CC0F9D}
		{83702AF1-3F55-45DF-BE9C-BAD210B44AF0} = {83702AF1-3F55-45DF-BE9C-BAD210B44AF0}
	EndProjectSection
EndProject
Project("{8BC9CEB8-8B4A-11D0-8D11-00A0C91BC942}") = "Triangle", "Triangle\Triangle.vcxproj", "{D0F657BE-32CF-49F5-94AC-044B0D14B0CA}"
	ProjectSection(ProjectDependencies) = postProject
		{EA6EB701-C454-4A69-A953-8EEFFA06D744} = {EA6EB701-C454-4A69-A953-8EEFFA06D744}
		{83702AF1-3F55-45DF-BE9C-BAD210B44AF0} = {83702AF1-3F55-45DF-BE9C-BAD210B44AF0}
	EndProjectSection
EndProject
Project("{8BC9CEB8-8B4A-11D0-8D11-00A0C91BC942}") = "Pipeline", "Pipeline\Pipeline.vcxproj", "{095A0418-71FC-4301-B85F-D9AD83CCDB64}"
	ProjectSection(ProjectDependencies) = postProject
		{EA6EB701-C454-4A69-A953-8EEFFA06D744} = {EA6EB701-C454-4A69-A953-8EEFFA06D744}
		{83702AF1-3F55-45DF-BE9C-BAD210B44AF0} = {83702AF1-3F55-45DF-BE9C-BAD210B44AF0}
	EndProjectSection
EndProject
Project("{8BC9CEB8-8B4A-11D0-8D11-00A0C91BC942}") = "DescriptorSets", "DescriptorSets\DescriptorSets.vcxproj", "{2B1752C1-07ED-4609-907B-FE61AA0C4DF0}"
	ProjectSection(ProjectDependencies) = postProject
		{EA6EB701-C454-4A69-A953-8EEFFA06D744} = {EA6EB701-C454-4A69-A953-8EEFFA06D744}
		{83702AF1-3F55-45DF-BE9C-BAD210B44AF0} = {83702AF1-3F55-45DF-BE9C-BAD210B44AF0}
	EndProjectSection
EndProject
Project("{8BC9CEB8-8B4A-11D0-8D11-00A0C91BC942}") = "InputAttachments", "InputAttachments\InputAttachments.vcxproj", "{C35B81F0-50A2-4996-B041-E88BB5DF862E}"
	ProjectSection(ProjectDependencies) = postProject
		{EA6EB701-C454-4A69-A953-8EEFFA06D744} = {EA6EB701-C454-4A69-A953-8EEFFA06D744}
		{83702AF1-3F55-45DF-BE9C-BAD210B44AF0} = {83702AF1-3F55-45DF-BE9C-BAD210B44AF0}
	EndProjectSection
EndProject
Project("{8BC9CEB8-8B4A-11D0-8D11-00A0C91BC942}") = "ktx", "ktx\ktx.vcxproj", "{81C3086D-8614-4702-B5E4-517336CC0F9D}"
EndProject
Project("{2150E333-8FDC-42A3-9474-1A3956D46DE8}") = "Basics", "Basics", "{8ED92AA5-8DB8-4C69-AD1B-AD5D7D9A461D}"
EndProject
Project("{8BC9CEB8-8B4A-11D0-8D11-00A0C91BC942}") = "PushConstants", "PushConstants\PushConstants.vcxproj", "{83B0FD47-CF4C-443D-8873-A438458F59A9}"
EndProject
Project("{8BC9CEB8-8B4A-11D0-8D11-00A0C91BC942}") = "Texture", "Texture\Texture.vcxproj", "{9AEEADD7-CDC5-47EB-8F65-D83A26F8E367}"
EndProject
Project("{8BC9CEB8-8B4A-11D0-8D11-00A0C91BC942}") = "TextureCubeMap", "TextureCubeMap\TextureCubeMap.vcxproj", "{4D973411-B6E3-48C7-87CB-51E1E27B93C6}"
EndProject
Project("{8BC9CEB8-8B4A-11D0-8D11-00A0C91BC942}") = "SpecializationConstants", "SpecializationConstants\SpecializationConstants.vcxproj", "{ADA46222-7D5F-4E7A-9AF2-C6CBA1E7FEA9}"
EndProject
Project("{8BC9CEB8-8B4A-11D0-8D11-00A0C91BC942}") = "TextureArray", "TextureArray\TextureArray.vcxproj", "{7638D874-214D-4B24-812B-A6DB4D103CC2}"
EndProject
Project("{8BC9CEB8-8B4A-11D0-8D11-00A0C91BC942}") = "Texture3D", "Texture3D\Texture3D.vcxproj", "{BE2093B9-EF1E-42ED-AE9C-C12DE7BE53C7}"
EndProject
Project("{8BC9CEB8-8B4A-11D0-8D11-00A0C91BC942}") = "GltfScene", "GltfScene\GltfScene.vcxproj", "{EA60CB53-315F-4B42-9A20-8136BBF9BC50}"
EndProject
Project("{8BC9CEB8-8B4A-11D0-8D11-00A0C91BC942}") = "Subpasses", "Subpasses\Subpasses.vcxproj", "{3F171F3F-BC14-4847-B066-907D86A243FF}"
EndProject
Project("{8BC9CEB8-8B4A-11D0-8D11-00A0C91BC942}") = "OffScreen", "OffScreen\OffScreen.vcxproj", "{B0F06972-5DCF-45B2-94C7-DF0A556C91C7}"
EndProject
Project("{8BC9CEB8-8B4A-11D0-8D11-00A0C91BC942}") = "ParticleFire", "ParticleFire\ParticleFire.vcxproj", "{92D4CF2D-7A0A-475E-B197-C4A3D085C41D}"
EndProject
Project("{8BC9CEB8-8B4A-11D0-8D11-00A0C91BC942}") = "StencilBuffer", "StencilBuffer\StencilBuffer.vcxproj", "{0BBBD44E-2C9B-4DA2-8871-59D64C2A05C8}"
EndProject
Project("{2150E333-8FDC-42A3-9474-1A3956D46DE8}") = "Advanced", "Advanced", "{C9FEFC00-BBDB-4616-B4B8-729921D57131}"
EndProject
Project("{8BC9CEB8-8B4A-11D0-8D11-00A0C91BC942}") = "SceneRendering", "SceneRendering\SceneRendering.vcxproj", "{631DA365-B607-4A88-9C97-CE9C78ED1CC8}"
	ProjectSection(ProjectDependencies) = postProject
		{EA6EB701-C454-4A69-A953-8EEFFA06D744} = {EA6EB701-C454-4A69-A953-8EEFFA06D744}
		{83702AF1-3F55-45DF-BE9C-BAD210B44AF0} = {83702AF1-3F55-45DF-BE9C-BAD210B44AF0}
	EndProjectSection
EndProject
Project("{8BC9CEB8-8B4A-11D0-8D11-00A0C91BC942}") = "MultiSampling", "MultiSampling\MultiSampling.vcxproj", "{32BF4F54-2673-42F8-B18B-72DFE2759492}"
	ProjectSection(ProjectDependencies) = postProject
		{EA6EB701-C454-4A69-A953-8EEFFA06D744} = {EA6EB701-C454-4A69-A953-8EEFFA06D744}
		{83702AF1-3F55-45DF-BE9C-BAD210B44AF0} = {83702AF1-3F55-45DF-BE9C-BAD210B44AF0}
	EndProjectSection
EndProject
Project("{8BC9CEB8-8B4A-11D0-8D11-00A0C91BC942}") = "HighDynamicRange", "HighDynamicRange\HighDynamicRange.vcxproj", "{8ABAB61A-9AF9-47F0-AA34-67787503DCF0}"
EndProject
Project("{8BC9CEB8-8B4A-11D0-8D11-00A0C91BC942}") = "ShadowMapping", "ShadowMapping\ShadowMapping.vcxproj", "{82744917-095D-4407-8EFC-BC0E46588EFD}"
	ProjectSection(ProjectDependencies) = postProject
		{EA6EB701-C454-4A69-A953-8EEFFA06D744} = {EA6EB701-C454-4A69-A953-8EEFFA06D744}
		{83702AF1-3F55-45DF-BE9C-BAD210B44AF0} = {83702AF1-3F55-45DF-BE9C-BAD210B44AF0}
	EndProjectSection
EndProject
Project("{8BC9CEB8-8B4A-11D0-8D11-00A0C91BC942}") = "ShadowMappingCascade", "ShadowMappingCasCade\ShadowMappingCasCade.vcxproj", "{A3F7E38C-4B29-4F2A-9A04-3D85155857A6}"
EndProject
Project("{8BC9CEB8-8B4A-11D0-8D11-00A0C91BC942}") = "OmnidirectionalShadowMapping", "OmnidirectionalShadowMapping\OmnidirectionalShadowMapping.vcxproj", "{D701DE93-AE77-48BD-98A5-3C344EB37249}"
EndProject
Project("{8BC9CEB8-8B4A-11D0-8D11-00A0C91BC942}") = "RuntimeMipMapGeneration", "RuntimeMipMapGeneration\RuntimeMipMapGeneration.vcxproj", "{BB207EB6-6245-4DF1-A1A9-53A8F1285A37}"
	ProjectSection(ProjectDependencies) = postProject
		{EA6EB701-C454-4A69-A953-8EEFFA06D744} = {EA6EB701-C454-4A69-A953-8EEFFA06D744}
		{83702AF1-3F55-45DF-BE9C-BAD210B44AF0} = {83702AF1-3F55-45DF-BE9C-BAD210B44AF0}
	EndProjectSection
EndProject
Project("{8BC9CEB8-8B4A-11D0-8D11-00A0C91BC942}") = "ScreenShoot", "ScreenShoot\ScreenShoot.vcxproj", "{7E97E524-2F85-4D50-AF2F-4383438D4251}"
EndProject
Project("{2150E333-8FDC-42A3-9474-1A3956D46DE8}") = "Performance", "Performance", "{C8C02FBC-D2E4-48CC-BD2A-BD7810C5B0E1}"
EndProject
Project("{8BC9CEB8-8B4A-11D0-8D11-00A0C91BC942}") = "MultiThreading", "MultiThreading\MultiThreading.vcxproj", "{3E156D0B-5C5A-4800-A8C4-FFF67C0E6FA1}"
	ProjectSection(ProjectDependencies) = postProject
		{EA6EB701-C454-4A69-A953-8EEFFA06D744} = {EA6EB701-C454-4A69-A953-8EEFFA06D744}
		{83702AF1-3F55-45DF-BE9C-BAD210B44AF0} = {83702AF1-3F55-45DF-BE9C-BAD210B44AF0}
	EndProjectSection
EndProject
Project("{8BC9CEB8-8B4A-11D0-8D11-00A0C91BC942}") = "Instancing", "Instancing\Instancing.vcxproj", "{83AB43DE-D970-44AB-8DBB-602F6BED37DC}"
EndProject
Project("{8BC9CEB8-8B4A-11D0-8D11-00A0C91BC942}") = "IndirectDraw", "IndirectDraw\IndirectDraw.vcxproj", "{F0001164-BF5A-4C17-9CF8-D6DA2B70AE86}"
EndProject
Project("{8BC9CEB8-8B4A-11D0-8D11-00A0C91BC942}") = "OcclusionQueries", "OcclusionQueries\OcclusionQueries.vcxproj", "{5E67A244-9021-4B42-BBE1-94B5855F0BDC}"
EndProject
Project("{8BC9CEB8-8B4A-11D0-8D11-00A0C91BC942}") = "PipelineStatistics", "PipelineStatistics\PipelineStatistics.vcxproj", "{534D8852-6788-45C4-B4D6-ADD9D53D04E8}"
EndProject
Project("{2150E333-8FDC-42A3-9474-1A3956D46DE8}") = "Physically Based Rendering", "Physically Based Rendering", "{1FD5AFE9-E823-4D13-BC2F-9602D3B23C31}"
EndProject
Project("{8BC9CEB8-8B4A-11D0-8D11-00A0C91BC942}") = "PBRBasic", "PBRBasic\PBRBasic.vcxproj", "{E7880717-28C4-40DB-8967-4320A25DBFF1}"
EndProject
Project("{8BC9CEB8-8B4A-11D0-8D11-00A0C91BC942}") = "PBRImageBasedLighting", "PBRImageBasedLighting\PBRImageBasedLighting.vcxproj", "{6466964B-1791-4DB7-B69D-4D3DEEB29230}"
EndProject
Project("{8BC9CEB8-8B4A-11D0-8D11-00A0C91BC942}") = "PBRTexture", "PBRTexture\PBRTexture.vcxproj", "{85D553A5-BD1F-446A-97F1-01B0F4AF5096}"
EndProject
Project("{2150E333-8FDC-42A3-9474-1A3956D46DE8}") = "Deffered Shading", "Deffered Shading", "{99AECF0C-A3A6-4255-81EA-8F7F748679B7}"
EndProject
Project("{8BC9CEB8-8B4A-11D0-8D11-00A0C91BC942}") = "DeferredShadingBasics", "DeferredShadingBasics\DeferredShadingBasics.vcxproj", "{90C58FAE-FCBD-4231-B4BB-098AE26E76EE}"
EndProject
Project("{8BC9CEB8-8B4A-11D0-8D11-00A0C91BC942}") = "DeferredMultiSampling", "DeferredMultiSampling\DeferredMultiSampling.vcxproj", "{E305373A-6C32-41EB-A624-1EEC5C55FFB5}"
EndProject
Project("{8BC9CEB8-8B4A-11D0-8D11-00A0C91BC942}") = "DeferredShadows", "DeferredShadows\DeferredShadows.vcxproj", "{BD63FB0B-7F8B-4E55-8D55-3632D5135A70}"
	ProjectSection(ProjectDependencies) = postProject
		{EA6EB701-C454-4A69-A953-8EEFFA06D744} = {EA6EB701-C454-4A69-A953-8EEFFA06D744}
	EndProjectSection
EndProject
Project("{8BC9CEB8-8B4A-11D0-8D11-00A0C91BC942}") = "ScreenSpaceAmbientOcclusion", "ScreenSpaceAmbientOcclusion\ScreenSpaceAmbientOcclusion.vcxproj", "{6D5C9F14-586B-439E-985D-9B9C19AE1B32}"
EndProject
Project("{2150E333-8FDC-42A3-9474-1A3956D46DE8}") = "Compute Shader", "Compute Shader", "{C568097E-F64B-4741-9537-2838E0091F2B}"
EndProject
Project("{8BC9CEB8-8B4A-11D0-8D11-00A0C91BC942}") = "ComputeShader", "ComputerShader\ComputerShader.vcxproj", "{DE100689-E64B-4A40-BF5B-532FF1DBC548}"
EndProject
Project("{8BC9CEB8-8B4A-11D0-8D11-00A0C91BC942}") = "ComputeParticles", "ComputerParticles\ComputerParticles.vcxproj", "{A514BA3C-E8DA-4FD9-8677-31FE5B69176C}"
EndProject
Project("{8BC9CEB8-8B4A-11D0-8D11-00A0C91BC942}") = "ComputeRayTracing", "ComputeRayTracing\ComputeRayTracing.vcxproj", "{5870D833-EA20-4AC4-A8E8-566B91302F1F}"
EndProject
Project("{8BC9CEB8-8B4A-11D0-8D11-00A0C91BC942}") = "ComputeNBody", "ComputeNBody\ComputeNBody.vcxproj", "{D227B5C4-61CE-435A-98F8-AE99774B0C50}"
EndProject
Project("{8BC9CEB8-8B4A-11D0-8D11-00A0C91BC942}") = "ComputeCloth", "ComputeCloth\ComputeCloth.vcxproj", "{AECA908F-5029-43E5-AD3F-03B5AB97DE88}"
EndProject
Project("{8BC9CEB8-8B4A-11D0-8D11-00A0C91BC942}") = "ComputeCullAndLod", "ComputeCullAndLod\ComputeCullAndLod.vcxproj", "{982A6CB8-1F77-4C4D-8C12-BB6ED32EF5F7}"
EndProject
Project("{2150E333-8FDC-42A3-9474-1A3956D46DE8}") = "Geometry Shader", "Geometry Shader", "{7B9B95BE-6195-4752-ACDE-98F340E3CAC4}"
EndProject
Project("{8BC9CEB8-8B4A-11D0-8D11-00A0C91BC942}") = "GeometryShader", "GeometryShader\GeometryShader.vcxproj", "{0FC6C89A-FE32-4247-AAF9-04F29308A094}"
EndProject
Project("{8BC9CEB8-8B4A-11D0-8D11-00A0C91BC942}") = "ViewportArray", "ViewportArray\ViewportArray.vcxproj", "{61DEA956-CBC5-42CE-91D5-A777009BDBDC}"
EndProject
Project("{2150E333-8FDC-42A3-9474-1A3956D46DE8}") = "Tessellation Shader", "Tessellation Shader", "{CC6B227F-4F0E-4F4D-9BFA-02FBCC1CC0F9}"
EndProject
Project("{8BC9CEB8-8B4A-11D0-8D11-00A0C91BC942}") = "Tessellation", "Tessellation\Tessellation.vcxproj", "{FA3D7103-B159-4345-BB4C-0F1C44D48400}"
EndProject
Project("{8BC9CEB8-8B4A-11D0-8D11-00A0C91BC942}") = "TerrainTessellation", "TerrianTessellation\TerrianTessellation.vcxproj", "{94BFCD48-3988-4A3D-95D3-9E3D30432E1B}"
EndProject
Project("{8BC9CEB8-8B4A-11D0-8D11-00A0C91BC942}") = "ModelTessellation", "ModelTessellation\ModelTessellation.vcxproj", "{E98B7ABF-95F4-46E4-A428-EC25C6AB44E4}"
EndProject
Project("{2150E333-8FDC-42A3-9474-1A3956D46DE8}") = "Headless", "Headless", "{7C23260E-2634-4C20-8F10-84DF306C52BC}"
EndProject
Project("{8BC9CEB8-8B4A-11D0-8D11-00A0C91BC942}") = "RenderHeadless", "Render\Render.vcxproj", "{6380A5C1-5C1D-4143-8993-B6A763638181}"
EndProject
Project("{8BC9CEB8-8B4A-11D0-8D11-00A0C91BC942}") = "ComputeHeadless", "ComputeHeadless\ComputeHeadless.vcxproj", "{F456432A-3987-4ED8-B076-FA970ED5CA9B}"
EndProject
Project("{2150E333-8FDC-42A3-9474-1A3956D46DE8}") = "User Interface", "User Interface", "{EC28A5EB-22CB-4DA2-8831-8FDA4E960D28}"
EndProject
Project("{8BC9CEB8-8B4A-11D0-8D11-00A0C91BC942}") = "TextOverlay", "TextOverlay\TextOverlay.vcxproj", "{C6697DB8-4AAA-4691-9D1D-CE5E9AEEFEF0}"
EndProject
Project("{8BC9CEB8-8B4A-11D0-8D11-00A0C91BC942}") = "DsitanceFieldFonts", "DsitanceFieldFonts\DsitanceFieldFonts.vcxproj", "{64319EDE-DDC7-4412-98ED-7985AA546949}"
EndProject
Project("{8BC9CEB8-8B4A-11D0-8D11-00A0C91BC942}") = "ImGuiOverlay", "ImGuiOverlay\ImGuiOverlay.vcxproj", "{E5839887-AA9A-4804-B09D-4721E2E603EA}"
EndProject
Project("{2150E333-8FDC-42A3-9474-1A3956D46DE8}") = "Effects", "Effects", "{F28A853C-B636-4E17-B870-B3602116D774}"
EndProject
Project("{8BC9CEB8-8B4A-11D0-8D11-00A0C91BC942}") = "RadialBlur", "RadialBlur\RadialBlur.vcxproj", "{715C01E9-5E89-4707-B479-1958F85E2721}"
EndProject
Project("{8BC9CEB8-8B4A-11D0-8D11-00A0C91BC942}") = "Bloom", "Bloom\Bloom.vcxproj", "{5C900FF2-076F-4C76-B920-E0CBE68F0CB6}"
EndProject
Project("{8BC9CEB8-8B4A-11D0-8D11-00A0C91BC942}") = "ParallaxMapping", "ParallaxMapping\ParallaxMapping.vcxproj", "{C0CEF548-2A0C-4578-AB0E-37F882A46026}"
EndProject
Project("{8BC9CEB8-8B4A-11D0-8D11-00A0C91BC942}") = "SphericalEnvironmentMapping", "SphericalEnvironmentMapping\SphericalEnvironmentMapping.vcxproj", "{15BF6762-9646-4F72-B3D9-CB5DE3BB40D3}"
EndProject
Project("{8BC9CEB8-8B4A-11D0-8D11-00A0C91BC942}") = "DynamicUniformBuffer", "DynamicUniformBuffer\DynamicUniformBuffer.vcxproj", "{80851F1F-F448-4A07-8D4C-166C8D493D9A}"
EndProject
Global
	GlobalSection(SolutionConfigurationPlatforms) = preSolution
		Debug|x64 = Debug|x64
		Debug|x86 = Debug|x86
		Release|x64 = Release|x64
		Release|x86 = Release|x86
	EndGlobalSection
	GlobalSection(ProjectConfigurationPlatforms) = postSolution
		{83702AF1-3F55-45DF-BE9C-BAD210B44AF0}.Debug|x64.ActiveCfg = Debug|x64
		{83702AF1-3F55-45DF-BE9C-BAD210B44AF0}.Debug|x64.Build.0 = Debug|x64
		{83702AF1-3F55-45DF-BE9C-BAD210B44AF0}.Debug|x86.ActiveCfg = Debug|Win32
		{83702AF1-3F55-45DF-BE9C-BAD210B44AF0}.Debug|x86.Build.0 = Debug|Win32
		{83702AF1-3F55-45DF-BE9C-BAD210B44AF0}.Release|x64.ActiveCfg = Release|x64
		{83702AF1-3F55-45DF-BE9C-BAD210B44AF0}.Release|x64.Build.0 = Release|x64
		{83702AF1-3F55-45DF-BE9C-BAD210B44AF0}.Release|x86.ActiveCfg = Release|Win32
		{83702AF1-3F55-45DF-BE9C-BAD210B44AF0}.Release|x86.Build.0 = Release|Win32
		{EA6EB701-C454-4A69-A953-8EEFFA06D744}.Debug|x64.ActiveCfg = Debug|x64
		{EA6EB701-C454-4A69-A953-8EEFFA06D744}.Debug|x64.Build.0 = Debug|x64
		{EA6EB701-C454-4A69-A953-8EEFFA06D744}.Debug|x86.ActiveCfg = Debug|Win32
		{EA6EB701-C454-4A69-A953-8EEFFA06D744}.Debug|x86.Build.0 = Debug|Win32
		{EA6EB701-C454-4A69-A953-8EEFFA06D744}.Release|x64.ActiveCfg = Release|x64
		{EA6EB701-C454-4A69-A953-8EEFFA06D744}.Release|x64.Build.0 = Release|x64
		{EA6EB701-C454-4A69-A953-8EEFFA06D744}.Release|x86.ActiveCfg = Release|Win32
		{EA6EB701-C454-4A69-A953-8EEFFA06D744}.Release|x86.Build.0 = Release|Win32
		{D0F657BE-32CF-49F5-94AC-044B0D14B0CA}.Debug|x64.ActiveCfg = Debug|x64
		{D0F657BE-32CF-49F5-94AC-044B0D14B0CA}.Debug|x64.Build.0 = Debug|x64
		{D0F657BE-32CF-49F5-94AC-044B0D14B0CA}.Debug|x86.ActiveCfg = Debug|Win32
		{D0F657BE-32CF-49F5-94AC-044B0D14B0CA}.Debug|x86.Build.0 = Debug|Win32
		{D0F657BE-32CF-49F5-94AC-044B0D14B0CA}.Release|x64.ActiveCfg = Release|x64
		{D0F657BE-32CF-49F5-94AC-044B0D14B0CA}.Release|x64.Build.0 = Release|x64
		{D0F657BE-32CF-49F5-94AC-044B0D14B0CA}.Release|x86.ActiveCfg = Release|Win32
		{D0F657BE-32CF-49F5-94AC-044B0D14B0CA}.Release|x86.Build.0 = Release|Win32
		{095A0418-71FC-4301-B85F-D9AD83CCDB64}.Debug|x64.ActiveCfg = Debug|x64
		{095A0418-71FC-4301-B85F-D9AD83CCDB64}.Debug|x64.Build.0 = Debug|x64
		{095A0418-71FC-4301-B85F-D9AD83CCDB64}.Debug|x86.ActiveCfg = Debug|Win32
		{095A0418-71FC-4301-B85F-D9AD83CCDB64}.Debug|x86.Build.0 = Debug|Win32
		{095A0418-71FC-4301-B85F-D9AD83CCDB64}.Release|x64.ActiveCfg = Release|x64
		{095A0418-71FC-4301-B85F-D9AD83CCDB64}.Release|x64.Build.0 = Release|x64
		{095A0418-71FC-4301-B85F-D9AD83CCDB64}.Release|x86.ActiveCfg = Release|Win32
		{095A0418-71FC-4301-B85F-D9AD83CCDB64}.Release|x86.Build.0 = Release|Win32
		{2B1752C1-07ED-4609-907B-FE61AA0C4DF0}.Debug|x64.ActiveCfg = Debug|x64
		{2B1752C1-07ED-4609-907B-FE61AA0C4DF0}.Debug|x64.Build.0 = Debug|x64
		{2B1752C1-07ED-4609-907B-FE61AA0C4DF0}.Debug|x86.ActiveCfg = Debug|Win32
		{2B1752C1-07ED-4609-907B-FE61AA0C4DF0}.Debug|x86.Build.0 = Debug|Win32
		{2B1752C1-07ED-4609-907B-FE61AA0C4DF0}.Release|x64.ActiveCfg = Release|x64
		{2B1752C1-07ED-4609-907B-FE61AA0C4DF0}.Release|x64.Build.0 = Release|x64
		{2B1752C1-07ED-4609-907B-FE61AA0C4DF0}.Release|x86.ActiveCfg = Release|Win32
		{2B1752C1-07ED-4609-907B-FE61AA0C4DF0}.Release|x86.Build.0 = Release|Win32
		{C35B81F0-50A2-4996-B041-E88BB5DF862E}.Debug|x64.ActiveCfg = Debug|x64
		{C35B81F0-50A2-4996-B041-E88BB5DF862E}.Debug|x64.Build.0 = Debug|x64
		{C35B81F0-50A2-4996-B041-E88BB5DF862E}.Debug|x86.ActiveCfg = Debug|Win32
		{C35B81F0-50A2-4996-B041-E88BB5DF862E}.Debug|x86.Build.0 = Debug|Win32
		{C35B81F0-50A2-4996-B041-E88BB5DF862E}.Release|x64.ActiveCfg = Release|x64
		{C35B81F0-50A2-4996-B041-E88BB5DF862E}.Release|x64.Build.0 = Release|x64
		{C35B81F0-50A2-4996-B041-E88BB5DF862E}.Release|x86.ActiveCfg = Release|Win32
		{C35B81F0-50A2-4996-B041-E88BB5DF862E}.Release|x86.Build.0 = Release|Win32
		{81C3086D-8614-4702-B5E4-517336CC0F9D}.Debug|x64.ActiveCfg = Debug|x64
		{81C3086D-8614-4702-B5E4-517336CC0F9D}.Debug|x64.Build.0 = Debug|x64
		{81C3086D-8614-4702-B5E4-517336CC0F9D}.Debug|x86.ActiveCfg = Debug|Win32
		{81C3086D-8614-4702-B5E4-517336CC0F9D}.Debug|x86.Build.0 = Debug|Win32
		{81C3086D-8614-4702-B5E4-517336CC0F9D}.Release|x64.ActiveCfg = Release|x64
		{81C3086D-8614-4702-B5E4-517336CC0F9D}.Release|x64.Build.0 = Release|x64
		{81C3086D-8614-4702-B5E4-517336CC0F9D}.Release|x86.ActiveCfg = Release|Win32
		{81C3086D-8614-4702-B5E4-517336CC0F9D}.Release|x86.Build.0 = Release|Win32
		{83B0FD47-CF4C-443D-8873-A438458F59A9}.Debug|x64.ActiveCfg = Debug|x64
		{83B0FD47-CF4C-443D-8873-A438458F59A9}.Debug|x64.Build.0 = Debug|x64
		{83B0FD47-CF4C-443D-8873-A438458F59A9}.Debug|x86.ActiveCfg = Debug|Win32
		{83B0FD47-CF4C-443D-8873-A438458F59A9}.Debug|x86.Build.0 = Debug|Win32
		{83B0FD47-CF4C-443D-8873-A438458F59A9}.Release|x64.ActiveCfg = Release|x64
		{83B0FD47-CF4C-443D-8873-A438458F59A9}.Release|x64.Build.0 = Release|x64
		{83B0FD47-CF4C-443D-8873-A438458F59A9}.Release|x86.ActiveCfg = Release|Win32
		{83B0FD47-CF4C-443D-8873-A438458F59A9}.Release|x86.Build.0 = Release|Win32
		{9AEEADD7-CDC5-47EB-8F65-D83A26F8E367}.Debug|x64.ActiveCfg = Debug|x64
		{9AEEADD7-CDC5-47EB-8F65-D83A26F8E367}.Debug|x64.Build.0 = Debug|x64
		{9AEEADD7-CDC5-47EB-8F65-D83A26F8E367}.Debug|x86.ActiveCfg = Debug|Win32
		{9AEEADD7-CDC5-47EB-8F65-D83A26F8E367}.Debug|x86.Build.0 = Debug|Win32
		{9AEEADD7-CDC5-47EB-8F65-D83A26F8E367}.Release|x64.ActiveCfg = Release|x64
		{9AEEADD7-CDC5-47EB-8F65-D83A26F8E367}.Release|x64.Build.0 = Release|x64
		{9AEEADD7-CDC5-47EB-8F65-D83A26F8E367}.Release|x86.ActiveCfg = Release|Win32
		{9AEEADD7-CDC5-47EB-8F65-D83A26F8E367}.Release|x86.Build.0 = Release|Win32
		{4D973411-B6E3-48C7-87CB-51E1E27B93C6}.Debug|x64.ActiveCfg = Debug|x64
		{4D973411-B6E3-48C7-87CB-51E1E27B93C6}.Debug|x64.Build.0 = Debug|x64
		{4D973411-B6E3-48C7-87CB-51E1E27B93C6}.Debug|x86.ActiveCfg = Debug|Win32
		{4D973411-B6E3-48C7-87CB-51E1E27B93C6}.Debug|x86.Build.0 = Debug|Win32
		{4D973411-B6E3-48C7-87CB-51E1E27B93C6}.Release|x64.ActiveCfg = Release|x64
		{4D973411-B6E3-48C7-87CB-51E1E27B93C6}.Release|x64.Build.0 = Release|x64
		{4D973411-B6E3-48C7-87CB-51E1E27B93C6}.Release|x86.ActiveCfg = Release|Win32
		{4D973411-B6E3-48C7-87CB-51E1E27B93C6}.Release|x86.Build.0 = Release|Win32
		{ADA46222-7D5F-4E7A-9AF2-C6CBA1E7FEA9}.Debug|x64.ActiveCfg = Debug|x64
		{ADA46222-7D5F-4E7A-9AF2-C6CBA1E7FEA9}.Debug|x64.Build.0 = Debug|x64
		{ADA46222-7D5F-4E7A-9AF2-C6CBA1E7FEA9}.Debug|x86.ActiveCfg = Debug|Win32
		{ADA46222-7D5F-4E7A-9AF2-C6CBA1E7FEA9}.Debug|x86.Build.0 = Debug|Win32
		{ADA46222-7D5F-4E7A-9AF2-C6CBA1E7FEA9}.Release|x64.ActiveCfg = Release|x64
		{ADA46222-7D5F-4E7A-9AF2-C6CBA1E7FEA9}.Release|x64.Build.0 = Release|x64
		{ADA46222-7D5F-4E7A-9AF2-C6CBA1E7FEA9}.Release|x86.ActiveCfg = Release|Win32
		{ADA46222-7D5F-4E7A-9AF2-C6CBA1E7FEA9}.Release|x86.Build.0 = Release|Win32
		{7638D874-214D-4B24-812B-A6DB4D103CC2}.Debug|x64.ActiveCfg = Debug|x64
		{7638D874-214D-4B24-812B-A6DB4D103CC2}.Debug|x64.Build.0 = Debug|x64
		{7638D874-214D-4B24-812B-A6DB4D103CC2}.Debug|x86.ActiveCfg = Debug|Win32
		{7638D874-214D-4B24-812B-A6DB4D103CC2}.Debug|x86.Build.0 = Debug|Win32
		{7638D874-214D-4B24-812B-A6DB4D103CC2}.Release|x64.ActiveCfg = Release|x64
		{7638D874-214D-4B24-812B-A6DB4D103CC2}.Release|x64.Build.0 = Release|x64
		{7638D874-214D-4B24-812B-A6DB4D103CC2}.Release|x86.ActiveCfg = Release|Win32
		{7638D874-214D-4B24-812B-A6DB4D103CC2}.Release|x86.Build.0 = Release|Win32
		{BE2093B9-EF1E-42ED-AE9C-C12DE7BE53C7}.Debug|x64.ActiveCfg = Debug|x64
		{BE2093B9-EF1E-42ED-AE9C-C12DE7BE53C7}.Debug|x64.Build.0 = Debug|x64
		{BE2093B9-EF1E-42ED-AE9C-C12DE7BE53C7}.Debug|x86.ActiveCfg = Debug|Win32
		{BE2093B9-EF1E-42ED-AE9C-C12DE7BE53C7}.Debug|x86.Build.0 = Debug|Win32
		{BE2093B9-EF1E-42ED-AE9C-C12DE7BE53C7}.Release|x64.ActiveCfg = Release|x64
		{BE2093B9-EF1E-42ED-AE9C-C12DE7BE53C7}.Release|x64.Build.0 = Release|x64
		{BE2093B9-EF1E-42ED-AE9C-C12DE7BE53C7}.Release|x86.ActiveCfg = Release|Win32
		{BE2093B9-EF1E-42ED-AE9C-C12DE7BE53C7}.Release|x86.Build.0 = Release|Win32
		{EA60CB53-315F-4B42-9A20-8136BBF9BC50}.Debug|x64.ActiveCfg = Debug|x64
		{EA60CB53-315F-4B42-9A20-8136BBF9BC50}.Debug|x64.Build.0 = Debug|x64
		{EA60CB53-315F-4B42-9A20-8136BBF9BC50}.Debug|x86.ActiveCfg = Debug|Win32
		{EA60CB53-315F-4B42-9A20-8136BBF9BC50}.Debug|x86.Build.0 = Debug|Win32
		{EA60CB53-315F-4B42-9A20-8136BBF9BC50}.Release|x64.ActiveCfg = Release|x64
		{EA60CB53-315F-4B42-9A20-8136BBF9BC50}.Release|x64.Build.0 = Release|x64
		{EA60CB53-315F-4B42-9A20-8136BBF9BC50}.Release|x86.ActiveCfg = Release|Win32
		{EA60CB53-315F-4B42-9A20-8136BBF9BC50}.Release|x86.Build.0 = Release|Win32
		{3F171F3F-BC14-4847-B066-907D86A243FF}.Debug|x64.ActiveCfg = Debug|x64
		{3F171F3F-BC14-4847-B066-907D86A243FF}.Debug|x64.Build.0 = Debug|x64
		{3F171F3F-BC14-4847-B066-907D86A243FF}.Debug|x86.ActiveCfg = Debug|Win32
		{3F171F3F-BC14-4847-B066-907D86A243FF}.Debug|x86.Build.0 = Debug|Win32
		{3F171F3F-BC14-4847-B066-907D86A243FF}.Release|x64.ActiveCfg = Release|x64
		{3F171F3F-BC14-4847-B066-907D86A243FF}.Release|x64.Build.0 = Release|x64
		{3F171F3F-BC14-4847-B066-907D86A243FF}.Release|x86.ActiveCfg = Release|Win32
		{3F171F3F-BC14-4847-B066-907D86A243FF}.Release|x86.Build.0 = Release|Win32
		{B0F06972-5DCF-45B2-94C7-DF0A556C91C7}.Debug|x64.ActiveCfg = Debug|x64
		{B0F06972-5DCF-45B2-94C7-DF0A556C91C7}.Debug|x64.Build.0 = Debug|x64
		{B0F06972-5DCF-45B2-94C7-DF0A556C91C7}.Debug|x86.ActiveCfg = Debug|Win32
		{B0F06972-5DCF-45B2-94C7-DF0A556C91C7}.Debug|x86.Build.0 = Debug|Win32
		{B0F06972-5DCF-45B2-94C7-DF0A556C91C7}.Release|x64.ActiveCfg = Release|x64
		{B0F06972-5DCF-45B2-94C7-DF0A556C91C7}.Release|x64.Build.0 = Release|x64
		{B0F06972-5DCF-45B2-94C7-DF0A556C91C7}.Release|x86.ActiveCfg = Release|Win32
		{B0F06972-5DCF-45B2-94C7-DF0A556C91C7}.Release|x86.Build.0 = Release|Win32
		{92D4CF2D-7A0A-475E-B197-C4A3D085C41D}.Debug|x64.ActiveCfg = Debug|x64
		{92D4CF2D-7A0A-475E-B197-C4A3D085C41D}.Debug|x64.Build.0 = Debug|x64
		{92D4CF2D-7A0A-475E-B197-C4A3D085C41D}.Debug|x86.ActiveCfg = Debug|Win32
		{92D4CF2D-7A0A-475E-B197-C4A3D085C41D}.Debug|x86.Build.0 = Debug|Win32
		{92D4CF2D-7A0A-475E-B197-C4A3D085C41D}.Release|x64.ActiveCfg = Release|x64
		{92D4CF2D-7A0A-475E-B197-C4A3D085C41D}.Release|x64.Build.0 = Release|x64
		{92D4CF2D-7A0A-475E-B197-C4A3D085C41D}.Release|x86.ActiveCfg = Release|Win32
		{92D4CF2D-7A0A-475E-B197-C4A3D085C41D}.Release|x86.Build.0 = Release|Win32
		{0BBBD44E-2C9B-4DA2-8871-59D64C2A05C8}.Debug|x64.ActiveCfg = Debug|x64
		{0BBBD44E-2C9B-4DA2-8871-59D64C2A05C8}.Debug|x64.Build.0 = Debug|x64
		{0BBBD44E-2C9B-4DA2-8871-59D64C2A05C8}.Debug|x86.ActiveCfg = Debug|Win32
		{0BBBD44E-2C9B-4DA2-8871-59D64C2A05C8}.Debug|x86.Build.0 = Debug|Win32
		{0BBBD44E-2C9B-4DA2-8871-59D64C2A05C8}.Release|x64.ActiveCfg = Release|x64
		{0BBBD44E-2C9B-4DA2-8871-59D64C2A05C8}.Release|x64.Build.0 = Release|x64
		{0BBBD44E-2C9B-4DA2-8871-59D64C2A05C8}.Release|x86.ActiveCfg = Release|Win32
		{0BBBD44E-2C9B-4DA2-8871-59D64C2A05C8}.Release|x86.Build.0 = Release|Win32
		{631DA365-B607-4A88-9C97-CE9C78ED1CC8}.Debug|x64.ActiveCfg = Debug|x64
		{631DA365-B607-4A88-9C97-CE9C78ED1CC8}.Debug|x64.Build.0 = Debug|x64
		{631DA365-B607-4A88-9C97-CE9C78ED1CC8}.Debug|x86.ActiveCfg = Debug|Win32
		{631DA365-B607-4A88-9C97-CE9C78ED1CC8}.Debug|x86.Build.0 = Debug|Win32
		{631DA365-B607-4A88-9C97-CE9C78ED1CC8}.Release|x64.ActiveCfg = Release|x64
		{631DA365-B607-4A88-9C97-CE9C78ED1CC8}.Release|x64.Build.0 = Release|x64
		{631DA365-B607-4A88-9C97-CE9C78ED1CC8}.Release|x86.ActiveCfg = Release|Win32
		{631DA365-B607-4A88-9C97-CE9C78ED1CC8}.Release|x86.Build.0 = Release|Win32
		{32BF4F54-2673-42F8-B18B-72DFE2759492}.Debug|x64.ActiveCfg = Debug|x64
		{32BF4F54-2673-42F8-B18B-72DFE2759492}.Debug|x64.Build.0 = Debug|x64
		{32BF4F54-2673-42F8-B18B-72DFE2759492}.Debug|x86.ActiveCfg = Debug|Win32
		{32BF4F54-2673-42F8-B18B-72DFE2759492}.Debug|x86.Build.0 = Debug|Win32
		{32BF4F54-2673-42F8-B18B-72DFE2759492}.Release|x64.ActiveCfg = Release|x64
		{32BF4F54-2673-42F8-B18B-72DFE2759492}.Release|x64.Build.0 = Release|x64
		{32BF4F54-2673-42F8-B18B-72DFE2759492}.Release|x86.ActiveCfg = Release|Win32
		{32BF4F54-2673-42F8-B18B-72DFE2759492}.Release|x86.Build.0 = Release|Win32
		{8ABAB61A-9AF9-47F0-AA34-67787503DCF0}.Debug|x64.ActiveCfg = Debug|x64
		{8ABAB61A-9AF9-47F0-AA34-67787503DCF0}.Debug|x64.Build.0 = Debug|x64
		{8ABAB61A-9AF9-47F0-AA34-67787503DCF0}.Debug|x86.ActiveCfg = Debug|Win32
		{8ABAB61A-9AF9-47F0-AA34-67787503DCF0}.Debug|x86.Build.0 = Debug|Win32
		{8ABAB61A-9AF9-47F0-AA34-67787503DCF0}.Release|x64.ActiveCfg = Release|x64
		{8ABAB61A-9AF9-47F0-AA34-67787503DCF0}.Release|x64.Build.0 = Release|x64
		{8ABAB61A-9AF9-47F0-AA34-67787503DCF0}.Release|x86.ActiveCfg = Release|Win32
		{8ABAB61A-9AF9-47F0-AA34-67787503DCF0}.Release|x86.Build.0 = Release|Win32
		{82744917-095D-4407-8EFC-BC0E46588EFD}.Debug|x64.ActiveCfg = Debug|x64
		{82744917-095D-4407-8EFC-BC0E46588EFD}.Debug|x64.Build.0 = Debug|x64
		{82744917-095D-4407-8EFC-BC0E46588EFD}.Debug|x86.ActiveCfg = Debug|Win32
		{82744917-095D-4407-8EFC-BC0E46588EFD}.Debug|x86.Build.0 = Debug|Win32
		{82744917-095D-4407-8EFC-BC0E46588EFD}.Release|x64.ActiveCfg = Release|x64
		{82744917-095D-4407-8EFC-BC0E46588EFD}.Release|x64.Build.0 = Release|x64
		{82744917-095D-4407-8EFC-BC0E46588EFD}.Release|x86.ActiveCfg = Release|Win32
		{82744917-095D-4407-8EFC-BC0E46588EFD}.Release|x86.Build.0 = Release|Win32
		{A3F7E38C-4B29-4F2A-9A04-3D85155857A6}.Debug|x64.ActiveCfg = Debug|x64
		{A3F7E38C-4B29-4F2A-9A04-3D85155857A6}.Debug|x64.Build.0 = Debug|x64
		{A3F7E38C-4B29-4F2A-9A04-3D85155857A6}.Debug|x86.ActiveCfg = Debug|Win32
		{A3F7E38C-4B29-4F2A-9A04-3D85155857A6}.Debug|x86.Build.0 = Debug|Win32
		{A3F7E38C-4B29-4F2A-9A04-3D85155857A6}.Release|x64.ActiveCfg = Release|x64
		{A3F7E38C-4B29-4F2A-9A04-3D85155857A6}.Release|x64.Build.0 = Release|x64
		{A3F7E38C-4B29-4F2A-9A04-3D85155857A6}.Release|x86.ActiveCfg = Release|Win32
		{A3F7E38C-4B29-4F2A-9A04-3D85155857A6}.Release|x86.Build.0 = Release|Win32
		{D701DE93-AE77-48BD-98A5-3C344EB37249}.Debug|x64.ActiveCfg = Debug|x64
		{D701DE93-AE77-48BD-98A5-3C344EB37249}.Debug|x64.Build.0 = Debug|x64
		{D701DE93-AE77-48BD-98A5-3C344EB37249}.Debug|x86.ActiveCfg = Debug|Win32
		{D701DE93-AE77-48BD-98A5-3C344EB37249}.Debug|x86.Build.0 = Debug|Win32
		{D701DE93-AE77-48BD-98A5-3C344EB37249}.Release|x64.ActiveCfg = Release|x64
		{D701DE93-AE77-48BD-98A5-3C344EB37249}.Release|x64.Build.0 = Release|x64
		{D701DE93-AE77-48BD-98A5-3C344EB37249}.Release|x86.ActiveCfg = Release|Win32
		{D701DE93-AE77-48BD-98A5-3C344EB37249}.Release|x86.Build.0 = Release|Win32
		{BB207EB6-6245-4DF1-A1A9-53A8F1285A37}.Debug|x64.ActiveCfg = Debug|x64
		{BB207EB6-6245-4DF1-A1A9-53A8F1285A37}.Debug|x64.Build.0 = Debug|x64
		{BB207EB6-6245-4DF1-A1A9-53A8F1285A37}.Debug|x86.ActiveCfg = Debug|Win32
		{BB207EB6-6245-4DF1-A1A9-53A8F1285A37}.Debug|x86.Build.0 = Debug|Win32
		{BB207EB6-6245-4DF1-A1A9-53A8F1285A37}.Release|x64.ActiveCfg = Release|x64
		{BB207EB6-6245-4DF1-A1A9-53A8F1285A37}.Release|x64.Build.0 = Release|x64
		{BB207EB6-6245-4DF1-A1A9-53A8F1285A37}.Release|x86.ActiveCfg = Release|Win32
		{BB207EB6-6245-4DF1-A1A9-53A8F1285A37}.Release|x86.Build.0 = Release|Win32
		{7E97E524-2F85-4D50-AF2F-4383438D4251}.Debug|x64.ActiveCfg = Debug|x64
		{7E97E524-2F85-4D50-AF2F-4383438D4251}.Debug|x64.Build.0 = Debug|x64
		{7E97E524-2F85-4D50-AF2F-4383438D4251}.Debug|x86.ActiveCfg = Debug|Win32
		{7E97E524-2F85-4D50-AF2F-4383438D4251}.Debug|x86.Build.0 = Debug|Win32
		{7E97E524-2F85-4D50-AF2F-4383438D4251}.Release|x64.ActiveCfg = Release|x64
		{7E97E524-2F85-4D50-AF2F-4383438D4251}.Release|x64.Build.0 = Release|x64
		{7E97E524-2F85-4D50-AF2F-4383438D4251}.Release|x86.ActiveCfg = Release|Win32
		{7E97E524-2F85-4D50-AF2F-4383438D4251}.Release|x86.Build.0 = Release|Win32
		{3E156D0B-5C5A-4800-A8C4-FFF67C0E6FA1}.Debug|x64.ActiveCfg = Debug|x64
		{3E156D0B-5C5A-4800-A8C4-FFF67C0E6FA1}.Debug|x64.Build.0 = Debug|x64
		{3E156D0B-5C5A-4800-A8C4-FFF67C0E6FA1}.Debug|x86.ActiveCfg = Debug|Win32
		{3E156D0B-5C5A-4800-A8C4-FFF67C0E6FA1}.Debug|x86.Build.0 = Debug|Win32
		{3E156D0B-5C5A-4800-A8C4-FFF67C0E6FA1}.Release|x64.ActiveCfg = Release|x64
		{3E156D0B-5C5A-4800-A8C4-FFF67C0E6FA1}.Release|x64.Build.0 = Release|x64
		{3E156D0B-5C5A-4800-A8C4-FFF67C0E6FA1}.Release|x86.ActiveCfg = Release|Win32
		{3E156D0B-5C5A-4800-A8C4-FFF67C0E6FA1}.Release|x86.Build.0 = Release|Win32
		{83AB43DE-D970-44AB-8DBB-602F6BED37DC}.Debug|x64.ActiveCfg = Debug|x64
		{83AB43DE-D970-44AB-8DBB-602F6BED37DC}.Debug|x64.Build.0 = Debug|x64
		{83AB43DE-D970-44AB-8DBB-602F6BED37DC}.Debug|x86.ActiveCfg = Debug|Win32
		{83AB43DE-D970-44AB-8DBB-602F6BED37DC}.Debug|x86.Build.0 = Debug|Win32
		{83AB43DE-D970-44AB-8DBB-602F6BED37DC}.Release|x64.ActiveCfg = Release|x64
		{83AB43DE-D970-44AB-8DBB-602F6BED37DC}.Release|x64.Build.0 = Release|x64
		{83AB43DE-D970-44AB-8DBB-602F6BED37DC}.Release|x86.ActiveCfg = Release|Win32
		{83AB43DE-D970-44AB-8DBB-602F6BED37DC}.Release|x86.Build.0 = Release|Win32
		{F0001164-BF5A-4C17-9CF8-D6DA2B70AE86}.Debug|x64.ActiveCfg = Debug|x64
		{F0001164-BF5A-4C17-9CF8-D6DA2B70AE86}.Debug|x64.Build.0 = Debug|x64
		{F0001164-BF5A-4C17-9CF8-D6DA2B70AE86}.Debug|x86.ActiveCfg = Debug|Win32
		{F0001164-BF5A-4C17-9CF8-D6DA2B70AE86}.Debug|x86.Build.0 = Debug|Win32
		{F0001164-BF5A-4C17-9CF8-D6DA2B70AE86}.Release|x64.ActiveCfg = Release|x64
		{F0001164-BF5A-4C17-9CF8-D6DA2B70AE86}.Release|x64.Build.0 = Release|x64
		{F0001164-BF5A-4C17-9CF8-D6DA2B70AE86}.Release|x86.ActiveCfg = Release|Win32
		{F0001164-BF5A-4C17-9CF8-D6DA2B70AE86}.Release|x86.Build.0 = Release|Win32
		{5E67A244-9021-4B42-BBE1-94B5855F0BDC}.Debug|x64.ActiveCfg = Debug|x64
		{5E67A244-9021-4B42-BBE1-94B5855F0BDC}.Debug|x64.Build.0 = Debug|x64
		{5E67A244-9021-4B42-BBE1-94B5855F0BDC}.Debug|x86.ActiveCfg = Debug|Win32
		{5E67A244-9021-4B42-BBE1-94B5855F0BDC}.Debug|x86.Build.0 = Debug|Win32
		{5E67A244-9021-4B42-BBE1-94B5855F0BDC}.Release|x64.ActiveCfg = Release|x64
		{5E67A244-9021-4B42-BBE1-94B5855F0BDC}.Release|x64.Build.0 = Release|x64
		{5E67A244-9021-4B42-BBE1-94B5855F0BDC}.Release|x86.ActiveCfg = Release|Win32
		{5E67A244-9021-4B42-BBE1-94B5855F0BDC}.Release|x86.Build.0 = Release|Win32
		{534D8852-6788-45C4-B4D6-ADD9D53D04E8}.Debug|x64.ActiveCfg = Debug|x64
		{534D8852-6788-45C4-B4D6-ADD9D53D04E8}.Debug|x64.Build.0 = Debug|x64
		{534D8852-6788-45C4-B4D6-ADD9D53D04E8}.Debug|x86.ActiveCfg = Debug|Win32
		{534D8852-6788-45C4-B4D6-ADD9D53D04E8}.Debug|x86.Build.0 = Debug|Win32
		{534D8852-6788-45C4-B4D6-ADD9D53D04E8}.Release|x64.ActiveCfg = Release|x64
		{534D8852-6788-45C4-B4D6-ADD9D53D04E8}.Release|x64.Build.0 = Release|x64
		{534D8852-6788-45C4-B4D6-ADD9D53D04E8}.Release|x86.ActiveCfg = Release|Win32
		{534D8852-6788-45C4-B4D6-ADD9D53D04E8}.Release|x86.Build.0 = Release|Win32
		{E7880717-28C4-40DB-8967-4320A25DBFF1}.Debug|x64.ActiveCfg = Debug|x64
		{E7880717-28C4-40DB-8967-4320A25DBFF1}.Debug|x64.Build.0 = Debug|x64
		{E7880717-28C4-40DB-8967-4320A25DBFF1}.Debug|x86.ActiveCfg = Debug|Win32
		{E7880717-28C4-40DB-8967-4320A25DBFF1}.Debug|x86.Build.0 = Debug|Win32
		{E7880717-28C4-40DB-8967-4320A25DBFF1}.Release|x64.ActiveCfg = Release|x64
		{E7880717-28C4-40DB-8967-4320A25DBFF1}.Release|x64.Build.0 = Release|x64
		{E7880717-28C4-40DB-8967-4320A25DBFF1}.Release|x86.ActiveCfg = Release|Win32
		{E7880717-28C4-40DB-8967-4320A25DBFF1}.Release|x86.Build.0 = Release|Win32
		{6466964B-1791-4DB7-B69D-4D3DEEB29230}.Debug|x64.ActiveCfg = Debug|x64
		{6466964B-1791-4DB7-B69D-4D3DEEB29230}.Debug|x64.Build.0 = Debug|x64
		{6466964B-1791-4DB7-B69D-4D3DEEB29230}.Debug|x86.ActiveCfg = Debug|Win32
		{6466964B-1791-4DB7-B69D-4D3DEEB29230}.Debug|x86.Build.0 = Debug|Win32
		{6466964B-1791-4DB7-B69D-4D3DEEB29230}.Release|x64.ActiveCfg = Release|x64
		{6466964B-1791-4DB7-B69D-4D3DEEB29230}.Release|x64.Build.0 = Release|x64
		{6466964B-1791-4DB7-B69D-4D3DEEB29230}.Release|x86.ActiveCfg = Release|Win32
		{6466964B-1791-4DB7-B69D-4D3DEEB29230}.Release|x86.Build.0 = Release|Win32
		{85D553A5-BD1F-446A-97F1-01B0F4AF5096}.Debug|x64.ActiveCfg = Debug|x64
		{85D553A5-BD1F-446A-97F1-01B0F4AF5096}.Debug|x64.Build.0 = Debug|x64
		{85D553A5-BD1F-446A-97F1-01B0F4AF5096}.Debug|x86.ActiveCfg = Debug|Win32
		{85D553A5-BD1F-446A-97F1-01B0F4AF5096}.Debug|x86.Build.0 = Debug|Win32
		{85D553A5-BD1F-446A-97F1-01B0F4AF5096}.Release|x64.ActiveCfg = Release|x64
		{85D553A5-BD1F-446A-97F1-01B0F4AF5096}.Release|x64.Build.0 = Release|x64
		{85D553A5-BD1F-446A-97F1-01B0F4AF5096}.Release|x86.ActiveCfg = Release|Win32
		{85D553A5-BD1F-446A-97F1-01B0F4AF5096}.Release|x86.Build.0 = Release|Win32
		{90C58FAE-FCBD-4231-B4BB-098AE26E76EE}.Debug|x64.ActiveCfg = Debug|x64
		{90C58FAE-FCBD-4231-B4BB-098AE26E76EE}.Debug|x64.Build.0 = Debug|x64
		{90C58FAE-FCBD-4231-B4BB-098AE26E76EE}.Debug|x86.ActiveCfg = Debug|Win32
		{90C58FAE-FCBD-4231-B4BB-098AE26E76EE}.Debug|x86.Build.0 = Debug|Win32
		{90C58FAE-FCBD-4231-B4BB-098AE26E76EE}.Release|x64.ActiveCfg = Release|x64
		{90C58FAE-FCBD-4231-B4BB-098AE26E76EE}.Release|x64.Build.0 = Release|x64
		{90C58FAE-FCBD-4231-B4BB-098AE26E76EE}.Release|x86.ActiveCfg = Release|Win32
		{90C58FAE-FCBD-4231-B4BB-098AE26E76EE}.Release|x86.Build.0 = Release|Win32
		{E305373A-6C32-41EB-A624-1EEC5C55FFB5}.Debug|x64.ActiveCfg = Debug|x64
		{E305373A-6C32-41EB-A624-1EEC5C55FFB5}.Debug|x64.Build.0 = Debug|x64
		{E305373A-6C32-41EB-A624-1EEC5C55FFB5}.Debug|x86.ActiveCfg = Debug|Win32
		{E305373A-6C32-41EB-A624-1EEC5C55FFB5}.Debug|x86.Build.0 = Debug|Win32
		{E305373A-6C32-41EB-A624-1EEC5C55FFB5}.Release|x64.ActiveCfg = Release|x64
		{E305373A-6C32-41EB-A624-1EEC5C55FFB5}.Release|x64.Build.0 = Release|x64
		{E305373A-6C32-41EB-A624-1EEC5C55FFB5}.Release|x86.ActiveCfg = Release|Win32
		{E305373A-6C32-41EB-A624-1EEC5C55FFB5}.Release|x86.Build.0 = Release|Win32
		{BD63FB0B-7F8B-4E55-8D55-3632D5135A70}.Debug|x64.ActiveCfg = Debug|x64
		{BD63FB0B-7F8B-4E55-8D55-3632D5135A70}.Debug|x64.Build.0 = Debug|x64
		{BD63FB0B-7F8B-4E55-8D55-3632D5135A70}.Debug|x86.ActiveCfg = Debug|Win32
		{BD63FB0B-7F8B-4E55-8D55-3632D5135A70}.Debug|x86.Build.0 = Debug|Win32
		{BD63FB0B-7F8B-4E55-8D55-3632D5135A70}.Release|x64.ActiveCfg = Release|x64
		{BD63FB0B-7F8B-4E55-8D55-3632D5135A70}.Release|x64.Build.0 = Release|x64
		{BD63FB0B-7F8B-4E55-8D55-3632D5135A70}.Release|x86.ActiveCfg = Release|Win32
		{BD63FB0B-7F8B-4E55-8D55-3632D5135A70}.Release|x86.Build.0 = Release|Win32
		{6D5C9F14-586B-439E-985D-9B9C19AE1B32}.Debug|x64.ActiveCfg = Debug|x64
		{6D5C9F14-586B-439E-985D-9B9C19AE1B32}.Debug|x64.Build.0 = Debug|x64
		{6D5C9F14-586B-439E-985D-9B9C19AE1B32}.Debug|x86.ActiveCfg = Debug|Win32
		{6D5C9F14-586B-439E-985D-9B9C19AE1B32}.Debug|x86.Build.0 = Debug|Win32
		{6D5C9F14-586B-439E-985D-9B9C19AE1B32}.Release|x64.ActiveCfg = Release|x64
		{6D5C9F14-586B-439E-985D-9B9C19AE1B32}.Release|x64.Build.0 = Release|x64
		{6D5C9F14-586B-439E-985D-9B9C19AE1B32}.Release|x86.ActiveCfg = Release|Win32
		{6D5C9F14-586B-439E-985D-9B9C19AE1B32}.Release|x86.Build.0 = Release|Win32
		{DE100689-E64B-4A40-BF5B-532FF1DBC548}.Debug|x64.ActiveCfg = Debug|x64
		{DE100689-E64B-4A40-BF5B-532FF1DBC548}.Debug|x64.Build.0 = Debug|x64
		{DE100689-E64B-4A40-BF5B-532FF1DBC548}.Debug|x86.ActiveCfg = Debug|Win32
		{DE100689-E64B-4A40-BF5B-532FF1DBC548}.Debug|x86.Build.0 = Debug|Win32
		{DE100689-E64B-4A40-BF5B-532FF1DBC548}.Release|x64.ActiveCfg = Release|x64
		{DE100689-E64B-4A40-BF5B-532FF1DBC548}.Release|x64.Build.0 = Release|x64
		{DE100689-E64B-4A40-BF5B-532FF1DBC548}.Release|x86.ActiveCfg = Release|Win32
		{DE100689-E64B-4A40-BF5B-532FF1DBC548}.Release|x86.Build.0 = Release|Win32
		{A514BA3C-E8DA-4FD9-8677-31FE5B69176C}.Debug|x64.ActiveCfg = Debug|x64
		{A514BA3C-E8DA-4FD9-8677-31FE5B69176C}.Debug|x64.Build.0 = Debug|x64
		{A514BA3C-E8DA-4FD9-8677-31FE5B69176C}.Debug|x86.ActiveCfg = Debug|Win32
		{A514BA3C-E8DA-4FD9-8677-31FE5B69176C}.Debug|x86.Build.0 = Debug|Win32
		{A514BA3C-E8DA-4FD9-8677-31FE5B69176C}.Release|x64.ActiveCfg = Release|x64
		{A514BA3C-E8DA-4FD9-8677-31FE5B69176C}.Release|x64.Build.0 = Release|x64
		{A514BA3C-E8DA-4FD9-8677-31FE5B69176C}.Release|x86.ActiveCfg = Release|Win32
		{A514BA3C-E8DA-4FD9-8677-31FE5B69176C}.Release|x86.Build.0 = Release|Win32
		{5870D833-EA20-4AC4-A8E8-566B91302F1F}.Debug|x64.ActiveCfg = Debug|x64
		{5870D833-EA20-4AC4-A8E8-566B91302F1F}.Debug|x64.Build.0 = Debug|x64
		{5870D833-EA20-4AC4-A8E8-566B91302F1F}.Debug|x86.ActiveCfg = Debug|Win32
		{5870D833-EA20-4AC4-A8E8-566B91302F1F}.Debug|x86.Build.0 = Debug|Win32
		{5870D833-EA20-4AC4-A8E8-566B91302F1F}.Release|x64.ActiveCfg = Release|x64
		{5870D833-EA20-4AC4-A8E8-566B91302F1F}.Release|x64.Build.0 = Release|x64
		{5870D833-EA20-4AC4-A8E8-566B91302F1F}.Release|x86.ActiveCfg = Release|Win32
		{5870D833-EA20-4AC4-A8E8-566B91302F1F}.Release|x86.Build.0 = Release|Win32
		{D227B5C4-61CE-435A-98F8-AE99774B0C50}.Debug|x64.ActiveCfg = Debug|x64
		{D227B5C4-61CE-435A-98F8-AE99774B0C50}.Debug|x64.Build.0 = Debug|x64
		{D227B5C4-61CE-435A-98F8-AE99774B0C50}.Debug|x86.ActiveCfg = Debug|Win32
		{D227B5C4-61CE-435A-98F8-AE99774B0C50}.Debug|x86.Build.0 = Debug|Win32
		{D227B5C4-61CE-435A-98F8-AE99774B0C50}.Release|x64.ActiveCfg = Release|x64
		{D227B5C4-61CE-435A-98F8-AE99774B0C50}.Release|x64.Build.0 = Release|x64
		{D227B5C4-61CE-435A-98F8-AE99774B0C50}.Release|x86.ActiveCfg = Release|Win32
		{D227B5C4-61CE-435A-98F8-AE99774B0C50}.Release|x86.Build.0 = Release|Win32
		{AECA908F-5029-43E5-AD3F-03B5AB97DE88}.Debug|x64.ActiveCfg = Debug|x64
		{AECA908F-5029-43E5-AD3F-03B5AB97DE88}.Debug|x64.Build.0 = Debug|x64
		{AECA908F-5029-43E5-AD3F-03B5AB97DE88}.Debug|x86.ActiveCfg = Debug|Win32
		{AECA908F-5029-43E5-AD3F-03B5AB97DE88}.Debug|x86.Build.0 = Debug|Win32
		{AECA908F-5029-43E5-AD3F-03B5AB97DE88}.Release|x64.ActiveCfg = Release|x64
		{AECA908F-5029-43E5-AD3F-03B5AB97DE88}.Release|x64.Build.0 = Release|x64
		{AECA908F-5029-43E5-AD3F-03B5AB97DE88}.Release|x86.ActiveCfg = Release|Win32
		{AECA908F-5029-43E5-AD3F-03B5AB97DE88}.Release|x86.Build.0 = Release|Win32
		{982A6CB8-1F77-4C4D-8C12-BB6ED32EF5F7}.Debug|x64.ActiveCfg = Debug|x64
		{982A6CB8-1F77-4C4D-8C12-BB6ED32EF5F7}.Debug|x64.Build.0 = Debug|x64
		{982A6CB8-1F77-4C4D-8C12-BB6ED32EF5F7}.Debug|x86.ActiveCfg = Debug|Win32
		{982A6CB8-1F77-4C4D-8C12-BB6ED32EF5F7}.Debug|x86.Build.0 = Debug|Win32
		{982A6CB8-1F77-4C4D-8C12-BB6ED32EF5F7}.Release|x64.ActiveCfg = Release|x64
		{982A6CB8-1F77-4C4D-8C12-BB6ED32EF5F7}.Release|x64.Build.0 = Release|x64
		{982A6CB8-1F77-4C4D-8C12-BB6ED32EF5F7}.Release|x86.ActiveCfg = Release|Win32
		{982A6CB8-1F77-4C4D-8C12-BB6ED32EF5F7}.Release|x86.Build.0 = Release|Win32
		{0FC6C89A-FE32-4247-AAF9-04F29308A094}.Debug|x64.ActiveCfg = Debug|x64
		{0FC6C89A-FE32-4247-AAF9-04F29308A094}.Debug|x64.Build.0 = Debug|x64
		{0FC6C89A-FE32-4247-AAF9-04F29308A094}.Debug|x86.ActiveCfg = Debug|Win32
		{0FC6C89A-FE32-4247-AAF9-04F29308A094}.Debug|x86.Build.0 = Debug|Win32
		{0FC6C89A-FE32-4247-AAF9-04F29308A094}.Release|x64.ActiveCfg = Release|x64
		{0FC6C89A-FE32-4247-AAF9-04F29308A094}.Release|x64.Build.0 = Release|x64
		{0FC6C89A-FE32-4247-AAF9-04F29308A094}.Release|x86.ActiveCfg = Release|Win32
		{0FC6C89A-FE32-4247-AAF9-04F29308A094}.Release|x86.Build.0 = Release|Win32
		{61DEA956-CBC5-42CE-91D5-A777009BDBDC}.Debug|x64.ActiveCfg = Debug|x64
		{61DEA956-CBC5-42CE-91D5-A777009BDBDC}.Debug|x64.Build.0 = Debug|x64
		{61DEA956-CBC5-42CE-91D5-A777009BDBDC}.Debug|x86.ActiveCfg = Debug|Win32
		{61DEA956-CBC5-42CE-91D5-A777009BDBDC}.Debug|x86.Build.0 = Debug|Win32
		{61DEA956-CBC5-42CE-91D5-A777009BDBDC}.Release|x64.ActiveCfg = Release|x64
		{61DEA956-CBC5-42CE-91D5-A777009BDBDC}.Release|x64.Build.0 = Release|x64
		{61DEA956-CBC5-42CE-91D5-A777009BDBDC}.Release|x86.ActiveCfg = Release|Win32
		{61DEA956-CBC5-42CE-91D5-A777009BDBDC}.Release|x86.Build.0 = Release|Win32
		{FA3D7103-B159-4345-BB4C-0F1C44D48400}.Debug|x64.ActiveCfg = Debug|x64
		{FA3D7103-B159-4345-BB4C-0F1C44D48400}.Debug|x64.Build.0 = Debug|x64
		{FA3D7103-B159-4345-BB4C-0F1C44D48400}.Debug|x86.ActiveCfg = Debug|Win32
		{FA3D7103-B159-4345-BB4C-0F1C44D48400}.Debug|x86.Build.0 = Debug|Win32
		{FA3D7103-B159-4345-BB4C-0F1C44D48400}.Release|x64.ActiveCfg = Release|x64
		{FA3D7103-B159-4345-BB4C-0F1C44D48400}.Release|x64.Build.0 = Release|x64
		{FA3D7103-B159-4345-BB4C-0F1C44D48400}.Release|x86.ActiveCfg = Release|Win32
		{FA3D7103-B159-4345-BB4C-0F1C44D48400}.Release|x86.Build.0 = Release|Win32
		{94BFCD48-3988-4A3D-95D3-9E3D30432E1B}.Debug|x64.ActiveCfg = Debug|x64
		{94BFCD48-3988-4A3D-95D3-9E3D30432E1B}.Debug|x64.Build.0 = Debug|x64
		{94BFCD48-3988-4A3D-95D3-9E3D30432E1B}.Debug|x86.ActiveCfg = Debug|Win32
		{94BFCD48-3988-4A3D-95D3-9E3D30432E1B}.Debug|x86.Build.0 = Debug|Win32
		{94BFCD48-3988-4A3D-95D3-9E3D30432E1B}.Release|x64.ActiveCfg = Release|x64
		{94BFCD48-3988-4A3D-95D3-9E3D30432E1B}.Release|x64.Build.0 = Release|x64
		{94BFCD48-3988-4A3D-95D3-9E3D30432E1B}.Release|x86.ActiveCfg = Release|Win32
		{94BFCD48-3988-4A3D-95D3-9E3D30432E1B}.Release|x86.Build.0 = Release|Win32
		{E98B7ABF-95F4-46E4-A428-EC25C6AB44E4}.Debug|x64.ActiveCfg = Debug|x64
		{E98B7ABF-95F4-46E4-A428-EC25C6AB44E4}.Debug|x64.Build.0 = Debug|x64
		{E98B7ABF-95F4-46E4-A428-EC25C6AB44E4}.Debug|x86.ActiveCfg = Debug|Win32
		{E98B7ABF-95F4-46E4-A428-EC25C6AB44E4}.Debug|x86.Build.0 = Debug|Win32
		{E98B7ABF-95F4-46E4-A428-EC25C6AB44E4}.Release|x64.ActiveCfg = Release|x64
		{E98B7ABF-95F4-46E4-A428-EC25C6AB44E4}.Release|x64.Build.0 = Release|x64
		{E98B7ABF-95F4-46E4-A428-EC25C6AB44E4}.Release|x86.ActiveCfg = Release|Win32
		{E98B7ABF-95F4-46E4-A428-EC25C6AB44E4}.Release|x86.Build.0 = Release|Win32
		{6380A5C1-5C1D-4143-8993-B6A763638181}.Debug|x64.ActiveCfg = Debug|x64
		{6380A5C1-5C1D-4143-8993-B6A763638181}.Debug|x64.Build.0 = Debug|x64
		{6380A5C1-5C1D-4143-8993-B6A763638181}.Debug|x86.ActiveCfg = Debug|Win32
		{6380A5C1-5C1D-4143-8993-B6A763638181}.Debug|x86.Build.0 = Debug|Win32
		{6380A5C1-5C1D-4143-8993-B6A763638181}.Release|x64.ActiveCfg = Release|x64
		{6380A5C1-5C1D-4143-8993-B6A763638181}.Release|x64.Build.0 = Release|x64
		{6380A5C1-5C1D-4143-8993-B6A763638181}.Release|x86.ActiveCfg = Release|Win32
		{6380A5C1-5C1D-4143-8993-B6A763638181}.Release|x86.Build.0 = Release|Win32
		{F456432A-3987-4ED8-B076-FA970ED5CA9B}.Debug|x64.ActiveCfg = Debug|x64
		{F456432A-3987-4ED8-B076-FA970ED5CA9B}.Debug|x64.Build.0 = Debug|x64
		{F456432A-3987-4ED8-B076-FA970ED5CA9B}.Debug|x86.ActiveCfg = Debug|Win32
		{F456432A-3987-4ED8-B076-FA970ED5CA9B}.Debug|x86.Build.0 = Debug|Win32
		{F456432A-3987-4ED8-B076-FA970ED5CA9B}.Release|x64.ActiveCfg = Release|x64
		{F456432A-3987-4ED8-B076-FA970ED5CA9B}.Release|x64.Build.0 = Release|x64
		{F456432A-3987-4ED8-B076-FA970ED5CA9B}.Release|x86.ActiveCfg = Release|Win32
		{F456432A-3987-4ED8-B076-FA970ED5CA9B}.Release|x86.Build.0 = Release|Win32
		{C6697DB8-4AAA-4691-9D1D-CE5E9AEEFEF0}.Debug|x64.ActiveCfg = Debug|x64
		{C6697DB8-4AAA-4691-9D1D-CE5E9AEEFEF0}.Debug|x64.Build.0 = Debug|x64
		{C6697DB8-4AAA-4691-9D1D-CE5E9AEEFEF0}.Debug|x86.ActiveCfg = Debug|Win32
		{C6697DB8-4AAA-4691-9D1D-CE5E9AEEFEF0}.Debug|x86.Build.0 = Debug|Win32
		{C6697DB8-4AAA-4691-9D1D-CE5E9AEEFEF0}.Release|x64.ActiveCfg = Release|x64
		{C6697DB8-4AAA-4691-9D1D-CE5E9AEEFEF0}.Release|x64.Build.0 = Release|x64
		{C6697DB8-4AAA-4691-9D1D-CE5E9AEEFEF0}.Release|x86.ActiveCfg = Release|Win32
		{C6697DB8-4AAA-4691-9D1D-CE5E9AEEFEF0}.Release|x86.Build.0 = Release|Win32
		{64319EDE-DDC7-4412-98ED-7985AA546949}.Debug|x64.ActiveCfg = Debug|x64
		{64319EDE-DDC7-4412-98ED-7985AA546949}.Debug|x64.Build.0 = Debug|x64
		{64319EDE-DDC7-4412-98ED-7985AA546949}.Debug|x86.ActiveCfg = Debug|Win32
		{64319EDE-DDC7-4412-98ED-7985AA546949}.Debug|x86.Build.0 = Debug|Win32
		{64319EDE-DDC7-4412-98ED-7985AA546949}.Release|x64.ActiveCfg = Release|x64
		{64319EDE-DDC7-4412-98ED-7985AA546949}.Release|x64.Build.0 = Release|x64
		{64319EDE-DDC7-4412-98ED-7985AA546949}.Release|x86.ActiveCfg = Release|Win32
		{64319EDE-DDC7-4412-98ED-7985AA546949}.Release|x86.Build.0 = Release|Win32
		{E5839887-AA9A-4804-B09D-4721E2E603EA}.Debug|x64.ActiveCfg = Debug|x64
		{E5839887-AA9A-4804-B09D-4721E2E603EA}.Debug|x64.Build.0 = Debug|x64
		{E5839887-AA9A-4804-B09D-4721E2E603EA}.Debug|x86.ActiveCfg = Debug|Win32
		{E5839887-AA9A-4804-B09D-4721E2E603EA}.Debug|x86.Build.0 = Debug|Win32
		{E5839887-AA9A-4804-B09D-4721E2E603EA}.Release|x64.ActiveCfg = Release|x64
		{E5839887-AA9A-4804-B09D-4721E2E603EA}.Release|x64.Build.0 = Release|x64
		{E5839887-AA9A-4804-B09D-4721E2E603EA}.Release|x86.ActiveCfg = Release|Win32
		{E5839887-AA9A-4804-B09D-4721E2E603EA}.Release|x86.Build.0 = Release|Win32
		{715C01E9-5E89-4707-B479-1958F85E2721}.Debug|x64.ActiveCfg = Debug|x64
		{715C01E9-5E89-4707-B479-1958F85E2721}.Debug|x64.Build.0 = Debug|x64
		{715C01E9-5E89-4707-B479-1958F85E2721}.Debug|x86.ActiveCfg = Debug|Win32
		{715C01E9-5E89-4707-B479-1958F85E2721}.Debug|x86.Build.0 = Debug|Win32
		{715C01E9-5E89-4707-B479-1958F85E2721}.Release|x64.ActiveCfg = Release|x64
		{715C01E9-5E89-4707-B479-1958F85E2721}.Release|x64.Build.0 = Release|x64
		{715C01E9-5E89-4707-B479-1958F85E2721}.Release|x86.ActiveCfg = Release|Win32
		{715C01E9-5E89-4707-B479-1958F85E2721}.Release|x86.Build.0 = Release|Win32
		{5C900FF2-076F-4C76-B920-E0CBE68F0CB6}.Debug|x64.ActiveCfg = Debug|x64
		{5C900FF2-076F-4C76-B920-E0CBE68F0CB6}.Debug|x64.Build.0 = Debug|x64
		{5C900FF2-076F-4C76-B920-E0CBE68F0CB6}.Debug|x86.ActiveCfg = Debug|Win32
		{5C900FF2-076F-4C76-B920-E0CBE68F0CB6}.Debug|x86.Build.0 = Debug|Win32
		{5C900FF2-076F-4C76-B920-E0CBE68F0CB6}.Release|x64.ActiveCfg = Release|x64
		{5C900FF2-076F-4C76-B920-E0CBE68F0CB6}.Release|x64.Build.0 = Release|x64
		{5C900FF2-076F-4C76-B920-E0CBE68F0CB6}.Release|x86.ActiveCfg = Release|Win32
		{5C900FF2-076F-4C76-B920-E0CBE68F0CB6}.Release|x86.Build.0 = Release|Win32
		{C0CEF548-2A0C-4578-AB0E-37F882A46026}.Debug|x64.ActiveCfg = Debug|x64
		{C0CEF548-2A0C-4578-AB0E-37F882A46026}.Debug|x64.Build.0 = Debug|x64
		{C0CEF548-2A0C-4578-AB0E-37F882A46026}.Debug|x86.ActiveCfg = Debug|Win32
		{C0CEF548-2A0C-4578-AB0E-37F882A46026}.Debug|x86.Build.0 = Debug|Win32
		{C0CEF548-2A0C-4578-AB0E-37F882A46026}.Release|x64.ActiveCfg = Release|x64
		{C0CEF548-2A0C-4578-AB0E-37F882A46026}.Release|x64.Build.0 = Release|x64
		{C0CEF548-2A0C-4578-AB0E-37F882A46026}.Release|x86.ActiveCfg = Release|Win32
		{C0CEF548-2A0C-4578-AB0E-37F882A46026}.Release|x86.Build.0 = Release|Win32
		{15BF6762-9646-4F72-B3D9-CB5DE3BB40D3}.Debug|x64.ActiveCfg = Debug|x64
		{15BF6762-9646-4F72-B3D9-CB5DE3BB40D3}.Debug|x64.Build.0 = Debug|x64
		{15BF6762-9646-4F72-B3D9-CB5DE3BB40D3}.Debug|x86.ActiveCfg = Debug|Win32
		{15BF6762-9646-4F72-B3D9-CB5DE3BB40D3}.Debug|x86.Build.0 = Debug|Win32
		{15BF6762-9646-4F72-B3D9-CB5DE3BB40D3}.Release|x64.ActiveCfg = Release|x64
		{15BF6762-9646-4F72-B3D9-CB5DE3BB40D3}.Release|x64.Build.0 = Release|x64
		{15BF6762-9646-4F72-B3D9-CB5DE3BB40D3}.Release|x86.ActiveCfg = Release|Win32
		{15BF6762-9646-4F72-B3D9-CB5DE3BB40D3}.Release|x86.Build.0 = Release|Win32
		{80851F1F-F448-4A07-8D4C-166C8D493D9A}.Debug|x64.ActiveCfg = Debug|x64
		{80851F1F-F448-4A07-8D4C-166C8D493D9A}.Debug|x64.Build.0 = Debug|x64
		{80851F1F-F448-4A07-8D4C-166C8D493D9A}.Debug|x86.ActiveCfg = Debug|Win32
		{80851F1F-F448-4A07-8D4C-166C8D493D9A}.Debug|x86.Build.0 = Debug|Win32
		{80851F1F-F448-4A07-8D4C-166C8D493D9A}.Release|x64.ActiveCfg = Release|x64
		{80851F1F-F448-4A07-8D4C-166C8D493D9A}.Release|x64.Build.0 = Release|x64
		{80851F1F-F448-4A07-8D4C-166C8D493D9A}.Release|x86.ActiveCfg = Release|Win32
		{80851F1F-F448-4A07-8D4C-166C8D493D9A}.Release|x86.Build.0 = Release|Win32
	EndGlobalSection
	GlobalSection(SolutionProperties) = preSolution
		HideSolutionNode = FALSE
	EndGlobalSection
	GlobalSection(NestedProjects) = preSolution
		{D0F657BE-32CF-49F5-94AC-044B0D14B0CA} = {8ED92AA5-8DB8-4C69-AD1B-AD5D7D9A461D}
		{095A0418-71FC-4301-B85F-D9AD83CCDB64} = {8ED92AA5-8DB8-4C69-AD1B-AD5D7D9A461D}
		{2B1752C1-07ED-4609-907B-FE61AA0C4DF0} = {8ED92AA5-8DB8-4C69-AD1B-AD5D7D9A461D}
		{C35B81F0-50A2-4996-B041-E88BB5DF862E} = {8ED92AA5-8DB8-4C69-AD1B-AD5D7D9A461D}
		{83B0FD47-CF4C-443D-8873-A438458F59A9} = {8ED92AA5-8DB8-4C69-AD1B-AD5D7D9A461D}
		{9AEEADD7-CDC5-47EB-8F65-D83A26F8E367} = {8ED92AA5-8DB8-4C69-AD1B-AD5D7D9A461D}
		{4D973411-B6E3-48C7-87CB-51E1E27B93C6} = {8ED92AA5-8DB8-4C69-AD1B-AD5D7D9A461D}
		{ADA46222-7D5F-4E7A-9AF2-C6CBA1E7FEA9} = {8ED92AA5-8DB8-4C69-AD1B-AD5D7D9A461D}
		{7638D874-214D-4B24-812B-A6DB4D103CC2} = {8ED92AA5-8DB8-4C69-AD1B-AD5D7D9A461D}
		{BE2093B9-EF1E-42ED-AE9C-C12DE7BE53C7} = {8ED92AA5-8DB8-4C69-AD1B-AD5D7D9A461D}
		{EA60CB53-315F-4B42-9A20-8136BBF9BC50} = {8ED92AA5-8DB8-4C69-AD1B-AD5D7D9A461D}
		{3F171F3F-BC14-4847-B066-907D86A243FF} = {8ED92AA5-8DB8-4C69-AD1B-AD5D7D9A461D}
		{B0F06972-5DCF-45B2-94C7-DF0A556C91C7} = {8ED92AA5-8DB8-4C69-AD1B-AD5D7D9A461D}
		{92D4CF2D-7A0A-475E-B197-C4A3D085C41D} = {8ED92AA5-8DB8-4C69-AD1B-AD5D7D9A461D}
		{0BBBD44E-2C9B-4DA2-8871-59D64C2A05C8} = {8ED92AA5-8DB8-4C69-AD1B-AD5D7D9A461D}
		{631DA365-B607-4A88-9C97-CE9C78ED1CC8} = {C9FEFC00-BBDB-4616-B4B8-729921D57131}
		{32BF4F54-2673-42F8-B18B-72DFE2759492} = {C9FEFC00-BBDB-4616-B4B8-729921D57131}
		{8ABAB61A-9AF9-47F0-AA34-67787503DCF0} = {C9FEFC00-BBDB-4616-B4B8-729921D57131}
		{82744917-095D-4407-8EFC-BC0E46588EFD} = {C9FEFC00-BBDB-4616-B4B8-729921D57131}
		{A3F7E38C-4B29-4F2A-9A04-3D85155857A6} = {C9FEFC00-BBDB-4616-B4B8-729921D57131}
		{D701DE93-AE77-48BD-98A5-3C344EB37249} = {C9FEFC00-BBDB-4616-B4B8-729921D57131}
		{BB207EB6-6245-4DF1-A1A9-53A8F1285A37} = {C9FEFC00-BBDB-4616-B4B8-729921D57131}
		{7E97E524-2F85-4D50-AF2F-4383438D4251} = {C9FEFC00-BBDB-4616-B4B8-729921D57131}
		{3E156D0B-5C5A-4800-A8C4-FFF67C0E6FA1} = {C8C02FBC-D2E4-48CC-BD2A-BD7810C5B0E1}
		{83AB43DE-D970-44AB-8DBB-602F6BED37DC} = {C8C02FBC-D2E4-48CC-BD2A-BD7810C5B0E1}
		{F0001164-BF5A-4C17-9CF8-D6DA2B70AE86} = {C8C02FBC-D2E4-48CC-BD2A-BD7810C5B0E1}
		{5E67A244-9021-4B42-BBE1-94B5855F0BDC} = {C8C02FBC-D2E4-48CC-BD2A-BD7810C5B0E1}
		{534D8852-6788-45C4-B4D6-ADD9D53D04E8} = {C8C02FBC-D2E4-48CC-BD2A-BD7810C5B0E1}
		{E7880717-28C4-40DB-8967-4320A25DBFF1} = {1FD5AFE9-E823-4D13-BC2F-9602D3B23C31}
		{6466964B-1791-4DB7-B69D-4D3DEEB29230} = {1FD5AFE9-E823-4D13-BC2F-9602D3B23C31}
		{85D553A5-BD1F-446A-97F1-01B0F4AF5096} = {1FD5AFE9-E823-4D13-BC2F-9602D3B23C31}
		{90C58FAE-FCBD-4231-B4BB-098AE26E76EE} = {99AECF0C-A3A6-4255-81EA-8F7F748679B7}
		{E305373A-6C32-41EB-A624-1EEC5C55FFB5} = {99AECF0C-A3A6-4255-81EA-8F7F748679B7}
		{BD63FB0B-7F8B-4E55-8D55-3632D5135A70} = {99AECF0C-A3A6-4255-81EA-8F7F748679B7}
		{6D5C9F14-586B-439E-985D-9B9C19AE1B32} = {99AECF0C-A3A6-4255-81EA-8F7F748679B7}
		{DE100689-E64B-4A40-BF5B-532FF1DBC548} = {C568097E-F64B-4741-9537-2838E0091F2B}
		{A514BA3C-E8DA-4FD9-8677-31FE5B69176C} = {C568097E-F64B-4741-9537-2838E0091F2B}
		{5870D833-EA20-4AC4-A8E8-566B91302F1F} = {C568097E-F64B-4741-9537-2838E0091F2B}
		{D227B5C4-61CE-435A-98F8-AE99774B0C50} = {C568097E-F64B-4741-9537-2838E0091F2B}
		{AECA908F-5029-43E5-AD3F-03B5AB97DE88} = {C568097E-F64B-4741-9537-2838E0091F2B}
		{982A6CB8-1F77-4C4D-8C12-BB6ED32EF5F7} = {C568097E-F64B-4741-9537-2838E0091F2B}
		{0FC6C89A-FE32-4247-AAF9-04F29308A094} = {7B9B95BE-6195-4752-ACDE-98F340E3CAC4}
		{61DEA956-CBC5-42CE-91D5-A777009BDBDC} = {7B9B95BE-6195-4752-ACDE-98F340E3CAC4}
		{FA3D7103-B159-4345-BB4C-0F1C44D48400} = {CC6B227F-4F0E-4F4D-9BFA-02FBCC1CC0F9}
		{94BFCD48-3988-4A3D-95D3-9E3D30432E1B} = {CC6B227F-4F0E-4F4D-9BFA-02FBCC1CC0F9}
		{E98B7ABF-95F4-46E4-A428-EC25C6AB44E4} = {CC6B227F-4F0E-4F4D-9BFA-02FBCC1CC0F9}
		{6380A5C1-5C1D-4143-8993-B6A763638181} = {7C23260E-2634-4C20-8F10-84DF306C52BC}
		{F456432A-3987-4ED8-B076-FA970ED5CA9B} = {7C23260E-2634-4C20-8F10-84DF306C52BC}
		{C6697DB8-4AAA-4691-9D1D-CE5E9AEEFEF0} = {EC28A5EB-22CB-4DA2-8831-8FDA4E960D28}
		{64319EDE-DDC7-4412-98ED-7985AA546949} = {EC28A5EB-22CB-4DA2-8831-8FDA4E960D28}
		{E5839887-AA9A-4804-B09D-4721E2E603EA} = {EC28A5EB-22CB-4DA2-8831-8FDA4E960D28}
		{715C01E9-5E89-4707-B479-1958F85E2721} = {F28A853C-B636-4E17-B870-B3602116D774}
		{5C900FF2-076F-4C76-B920-E0CBE68F0CB6} = {F28A853C-B636-4E17-B870-B3602116D774}
		{C0CEF548-2A0C-4578-AB0E-37F882A46026} = {F28A853C-B636-4E17-B870-B3602116D774}
		{15BF6762-9646-4F72-B3D9-CB5DE3BB40D3} = {F28A853C-B636-4E17-B870-B3602116D774}
		{80851F1F-F448-4A07-8D4C-166C8D493D9A} = {8ED92AA5-8DB8-4C69-AD1B-AD5D7D9A461D}
	EndGlobalSection
	GlobalSection(ExtensibilityGlobals) = postSolution
		SolutionGuid = {C25CD410-97D7-4B6A-B8D9-415D41D0E10C}
	EndGlobalSection
EndGlobal
